// !$*UTF8*$!
{
	archiveVersion = 1;
	classes = {
	};
	objectVersion = 46;
	objects = {

/* Begin PBXBuildFile section */
		B91684FF22F47FEC00F7FA13 /* TestUtils.swift in Sources */ = {isa = PBXBuildFile; fileRef = B91684FE22F47FEC00F7FA13 /* TestUtils.swift */; };
		B916850322F4DB1200F7FA13 /* AddressTests.swift in Sources */ = {isa = PBXBuildFile; fileRef = B916850222F4DB1200F7FA13 /* AddressTests.swift */; };
		B93092BF1F31B06900870D1F /* StringTests.swift in Sources */ = {isa = PBXBuildFile; fileRef = B93092BE1F31B06900870D1F /* StringTests.swift */; };
		B93092C01F31B0FF00870D1F /* printf.swift in Sources */ = {isa = PBXBuildFile; fileRef = B933A7331F2F49C700FE6846 /* printf.swift */; };
		B933A77C1F2F8F0700FE6846 /* address.swift in Sources */ = {isa = PBXBuildFile; fileRef = B933A7481F2F4ABC00FE6846 /* address.swift */; };
		B933A77D1F2F8F1100FE6846 /* acpi.swift in Sources */ = {isa = PBXBuildFile; fileRef = B933A6E61F2F492F00FE6846 /* acpi.swift */; };
		B933A77E1F2F8F1100FE6846 /* acpiglobalobjects.swift in Sources */ = {isa = PBXBuildFile; fileRef = B933A6E81F2F492F00FE6846 /* acpiglobalobjects.swift */; };
		B933A77F1F2F8F1100FE6846 /* amlmethod.swift in Sources */ = {isa = PBXBuildFile; fileRef = B933A6E11F2F492F00FE6846 /* amlmethod.swift */; };
		B933A7801F2F8F1100FE6846 /* amlparser.swift in Sources */ = {isa = PBXBuildFile; fileRef = B933A6E51F2F492F00FE6846 /* amlparser.swift */; };
		B933A7811F2F8F1100FE6846 /* amltypes.swift in Sources */ = {isa = PBXBuildFile; fileRef = B933A6EC1F2F492F00FE6846 /* amltypes.swift */; };
		B933A7821F2F8F1100FE6846 /* amlutils.swift in Sources */ = {isa = PBXBuildFile; fileRef = B933A6EB1F2F492F00FE6846 /* amlutils.swift */; };
		B933A7831F2F8F1100FE6846 /* boot.swift in Sources */ = {isa = PBXBuildFile; fileRef = B933A6E41F2F492F00FE6846 /* boot.swift */; };
		B933A7841F2F8F1100FE6846 /* ecdt.swift in Sources */ = {isa = PBXBuildFile; fileRef = B933A6E31F2F492F00FE6846 /* ecdt.swift */; };
		B933A7851F2F8F1100FE6846 /* facp.swift in Sources */ = {isa = PBXBuildFile; fileRef = B933A6DE1F2F492F00FE6846 /* facp.swift */; };
		B933A7861F2F8F1100FE6846 /* facs.swift in Sources */ = {isa = PBXBuildFile; fileRef = B933A6E21F2F492F00FE6846 /* facs.swift */; };
		B933A7871F2F8F1100FE6846 /* hpet.swift in Sources */ = {isa = PBXBuildFile; fileRef = B933A6E01F2F492F00FE6846 /* hpet.swift */; };
		B933A7881F2F8F1100FE6846 /* madt.swift in Sources */ = {isa = PBXBuildFile; fileRef = B933A6EA1F2F492F00FE6846 /* madt.swift */; };
		B933A7891F2F8F1100FE6846 /* mcfg.swift in Sources */ = {isa = PBXBuildFile; fileRef = B933A6E71F2F492F00FE6846 /* mcfg.swift */; };
		B933A78A1F2F8F1100FE6846 /* sbst.swift in Sources */ = {isa = PBXBuildFile; fileRef = B933A6ED1F2F492F00FE6846 /* sbst.swift */; };
		B933A78B1F2F8F1100FE6846 /* srat.swift in Sources */ = {isa = PBXBuildFile; fileRef = B933A6E91F2F492F00FE6846 /* srat.swift */; };
		B933A78C1F2F8F1100FE6846 /* waet.swift in Sources */ = {isa = PBXBuildFile; fileRef = B933A6DD1F2F492F00FE6846 /* waet.swift */; };
		B933A78D1F2F8F2100FE6846 /* bitarray.swift in Sources */ = {isa = PBXBuildFile; fileRef = B933A73F1F2F4A0600FE6846 /* bitarray.swift */; };
		B933A78E1F2F8F2100FE6846 /* bytearray.swift in Sources */ = {isa = PBXBuildFile; fileRef = B933A73C1F2F4A0600FE6846 /* bytearray.swift */; };
		B933A78F1F2F8F2100FE6846 /* dwordarray.swift in Sources */ = {isa = PBXBuildFile; fileRef = B933A73D1F2F4A0600FE6846 /* dwordarray.swift */; };
		B933A7901F2F8F2100FE6846 /* integer.swift in Sources */ = {isa = PBXBuildFile; fileRef = B933A73E1F2F4A0600FE6846 /* integer.swift */; };
		B933A7921F2F8F2100FE6846 /* MemoryBufferReader.swift in Sources */ = {isa = PBXBuildFile; fileRef = B933A7321F2F49C700FE6846 /* MemoryBufferReader.swift */; };
		B933A7941F2F90C900FE6846 /* ACPITests.swift in Sources */ = {isa = PBXBuildFile; fileRef = B933A7761F2F8D6A00FE6846 /* ACPITests.swift */; };
		B933A7951F2FBA8700FE6846 /* Extensions.swift in Sources */ = {isa = PBXBuildFile; fileRef = B933A7311F2F49C700FE6846 /* Extensions.swift */; };
		B93620762326A4A0009A2215 /* Docker in Resources */ = {isa = PBXBuildFile; fileRef = B93620752326A4A0009A2215 /* Docker */; };
		B962BDAC1FD3116B00D42D70 /* amlresourcedata.swift in Sources */ = {isa = PBXBuildFile; fileRef = B962BDAA1FD30C0500D42D70 /* amlresourcedata.swift */; };
		B97C3A8124D0D10F00E3602C /* shell.swift in Sources */ = {isa = PBXBuildFile; fileRef = B97C3A8024D0D10F00E3602C /* shell.swift */; };
		B9AF69D61FBDEB8B0049CB98 /* ACPIReadWriteTests.swift in Sources */ = {isa = PBXBuildFile; fileRef = B9AF69D51FBDEB8B0049CB98 /* ACPIReadWriteTests.swift */; };
		B9C2AF2B1FD84CB300E6EFEB /* KlibTests.swift in Sources */ = {isa = PBXBuildFile; fileRef = B9C2AF2A1FD84CB300E6EFEB /* KlibTests.swift */; };
		B9C2AF2C1FD84D9000E6EFEB /* ReservationManager.swift in Sources */ = {isa = PBXBuildFile; fileRef = B9C2AF281FD81E5A00E6EFEB /* ReservationManager.swift */; };
		B9DEE4F42323BA960010F7A0 /* lldb-cmds in Resources */ = {isa = PBXBuildFile; fileRef = B9DEE4F32323BA960010F7A0 /* lldb-cmds */; };
		B9DEE4F92323BBC40010F7A0 /* bochsrc in Resources */ = {isa = PBXBuildFile; fileRef = B9DEE4F52323BBC30010F7A0 /* bochsrc */; };
		B9DEE4FA2323BBC40010F7A0 /* gdb-cmds in Resources */ = {isa = PBXBuildFile; fileRef = B9DEE4F62323BBC30010F7A0 /* gdb-cmds */; };
		B9EF91201FC9CEB800D14A2F /* amltype1opcodes.swift in Sources */ = {isa = PBXBuildFile; fileRef = B9EF911D1FC9CACA00D14A2F /* amltype1opcodes.swift */; };
		B9EF91231FC9D14600D14A2F /* amltype2opcodes.swift in Sources */ = {isa = PBXBuildFile; fileRef = B9EF91211FC9D14600D14A2F /* amltype2opcodes.swift */; };
		B9EF91261FC9D6EA00D14A2F /* amlnamedobject.swift in Sources */ = {isa = PBXBuildFile; fileRef = B9EF91241FC9D6EA00D14A2F /* amlnamedobject.swift */; };
		B9F22F892325009300A6C92B /* NOTES in Resources */ = {isa = PBXBuildFile; fileRef = B9F22F872325009300A6C92B /* NOTES */; };
		B9F5D2CE24C1F58D00A6114C /* vmware11-wsmt.aml in Resources */ = {isa = PBXBuildFile; fileRef = B9F5D2BA24C1F58C00A6114C /* vmware11-wsmt.aml */; };
		B9F5D2CF24C1F58D00A6114C /* vmware11-hpet.dsl in Resources */ = {isa = PBXBuildFile; fileRef = B9F5D2BB24C1F58C00A6114C /* vmware11-hpet.dsl */; };
		B9F5D2D024C1F58D00A6114C /* vmware11-mcfg.aml in Resources */ = {isa = PBXBuildFile; fileRef = B9F5D2BC24C1F58D00A6114C /* vmware11-mcfg.aml */; };
		B9F5D2D124C1F58D00A6114C /* vmware11-srat.dsl in Resources */ = {isa = PBXBuildFile; fileRef = B9F5D2BD24C1F58D00A6114C /* vmware11-srat.dsl */; };
		B9F5D2D224C1F58D00A6114C /* vmware11-hpet.aml in Resources */ = {isa = PBXBuildFile; fileRef = B9F5D2BE24C1F58D00A6114C /* vmware11-hpet.aml */; };
		B9F5D2D324C1F58D00A6114C /* vmware11-wsmt.dsl in Resources */ = {isa = PBXBuildFile; fileRef = B9F5D2BF24C1F58D00A6114C /* vmware11-wsmt.dsl */; };
		B9F5D2D424C1F58D00A6114C /* vmware11-waet.aml in Resources */ = {isa = PBXBuildFile; fileRef = B9F5D2C024C1F58D00A6114C /* vmware11-waet.aml */; };
		B9F5D2D524C1F58D00A6114C /* vmware11-mcfg.dsl in Resources */ = {isa = PBXBuildFile; fileRef = B9F5D2C124C1F58D00A6114C /* vmware11-mcfg.dsl */; };
		B9F5D2D624C1F58D00A6114C /* vmware11-srat.aml in Resources */ = {isa = PBXBuildFile; fileRef = B9F5D2C224C1F58D00A6114C /* vmware11-srat.aml */; };
		B9F5D2D724C1F58D00A6114C /* vmware11-dmar.dsl in Resources */ = {isa = PBXBuildFile; fileRef = B9F5D2C324C1F58D00A6114C /* vmware11-dmar.dsl */; };
		B9F5D2D824C1F58D00A6114C /* vmware11-apic.aml in Resources */ = {isa = PBXBuildFile; fileRef = B9F5D2C424C1F58D00A6114C /* vmware11-apic.aml */; };
		B9F5D2D924C1F58D00A6114C /* vmware11-dmar.aml in Resources */ = {isa = PBXBuildFile; fileRef = B9F5D2C524C1F58D00A6114C /* vmware11-dmar.aml */; };
		B9F5D2DA24C1F58D00A6114C /* vmware11-facs.aml in Resources */ = {isa = PBXBuildFile; fileRef = B9F5D2C624C1F58D00A6114C /* vmware11-facs.aml */; };
		B9F5D2DB24C1F58D00A6114C /* vmware11-waet.dsl in Resources */ = {isa = PBXBuildFile; fileRef = B9F5D2C724C1F58D00A6114C /* vmware11-waet.dsl */; };
		B9F5D2DC24C1F58D00A6114C /* vmware11-dsdt.aml in Resources */ = {isa = PBXBuildFile; fileRef = B9F5D2C824C1F58D00A6114C /* vmware11-dsdt.aml */; };
		B9F5D2DD24C1F58D00A6114C /* vmware11-facp.dsl in Resources */ = {isa = PBXBuildFile; fileRef = B9F5D2C924C1F58D00A6114C /* vmware11-facp.dsl */; };
		B9F5D2DE24C1F58D00A6114C /* vmware11-apic.dsl in Resources */ = {isa = PBXBuildFile; fileRef = B9F5D2CA24C1F58D00A6114C /* vmware11-apic.dsl */; };
		B9F5D2DF24C1F58D00A6114C /* vmware11-facp.aml in Resources */ = {isa = PBXBuildFile; fileRef = B9F5D2CB24C1F58D00A6114C /* vmware11-facp.aml */; };
		B9F5D2E024C1F58D00A6114C /* vmware11-facs.dsl in Resources */ = {isa = PBXBuildFile; fileRef = B9F5D2CC24C1F58D00A6114C /* vmware11-facs.dsl */; };
		B9F5D2E124C1F58D00A6114C /* vmware11-dsdt.dsl in Resources */ = {isa = PBXBuildFile; fileRef = B9F5D2CD24C1F58D00A6114C /* vmware11-dsdt.dsl */; };
		B9F831F71F38BD20009F24AE /* vmware-APIC.aml in Resources */ = {isa = PBXBuildFile; fileRef = B9F831951F38BC34009F24AE /* vmware-APIC.aml */; };
		B9F831F91F38BD20009F24AE /* vmware-BOOT.aml in Resources */ = {isa = PBXBuildFile; fileRef = B9F831911F38BC34009F24AE /* vmware-BOOT.aml */; };
		B9F831FB1F38BD20009F24AE /* vmware-DSDT.aml in Resources */ = {isa = PBXBuildFile; fileRef = B9F831851F38BC33009F24AE /* vmware-DSDT.aml */; };
		B9F831FD1F38BD20009F24AE /* vmware-FACP.aml in Resources */ = {isa = PBXBuildFile; fileRef = B9F8318F1F38BC34009F24AE /* vmware-FACP.aml */; };
		B9F831FF1F38BD20009F24AE /* vmware-FACS1.aml in Resources */ = {isa = PBXBuildFile; fileRef = B9F8318D1F38BC34009F24AE /* vmware-FACS1.aml */; };
		B9F832011F38BD20009F24AE /* vmware-FACS2.aml in Resources */ = {isa = PBXBuildFile; fileRef = B9F831861F38BC33009F24AE /* vmware-FACS2.aml */; };
		B9F832031F38BD20009F24AE /* vmware-HPET.aml in Resources */ = {isa = PBXBuildFile; fileRef = B9F831831F38BC33009F24AE /* vmware-HPET.aml */; };
		B9F832051F38BD20009F24AE /* vmware-MCFG.aml in Resources */ = {isa = PBXBuildFile; fileRef = B9F831901F38BC34009F24AE /* vmware-MCFG.aml */; };
		B9F832071F38BD20009F24AE /* vmware-SRAT.aml in Resources */ = {isa = PBXBuildFile; fileRef = B9F831891F38BC34009F24AE /* vmware-SRAT.aml */; };
		B9F832091F38BD20009F24AE /* vmware-WAET.aml in Resources */ = {isa = PBXBuildFile; fileRef = B9F831881F38BC34009F24AE /* vmware-WAET.aml */; };
		B9F8320B1F38BD20009F24AE /* macbook31-APIC.aml in Resources */ = {isa = PBXBuildFile; fileRef = B9F831C31F38BC43009F24AE /* macbook31-APIC.aml */; };
		B9F8320D1F38BD20009F24AE /* macbook31-ASF!.aml in Resources */ = {isa = PBXBuildFile; fileRef = B9F831C51F38BC43009F24AE /* macbook31-ASF!.aml */; };
		B9F8320F1F38BD20009F24AE /* macbook31-DSDT.aml in Resources */ = {isa = PBXBuildFile; fileRef = B9F831C01F38BC43009F24AE /* macbook31-DSDT.aml */; };
		B9F832111F38BD20009F24AE /* macbook31-ECDT.aml in Resources */ = {isa = PBXBuildFile; fileRef = B9F831AF1F38BC43009F24AE /* macbook31-ECDT.aml */; };
		B9F832131F38BD20009F24AE /* macbook31-FACP.aml in Resources */ = {isa = PBXBuildFile; fileRef = B9F831B21F38BC43009F24AE /* macbook31-FACP.aml */; };
		B9F832151F38BD20009F24AE /* macbook31-FACS1.aml in Resources */ = {isa = PBXBuildFile; fileRef = B9F831B11F38BC43009F24AE /* macbook31-FACS1.aml */; };
		B9F832171F38BD20009F24AE /* macbook31-FACS2.aml in Resources */ = {isa = PBXBuildFile; fileRef = B9F831BD1F38BC43009F24AE /* macbook31-FACS2.aml */; };
		B9F832191F38BD20009F24AE /* macbook31-HPET.aml in Resources */ = {isa = PBXBuildFile; fileRef = B9F831B51F38BC43009F24AE /* macbook31-HPET.aml */; };
		B9F8321B1F38BD20009F24AE /* macbook31-MCFG.aml in Resources */ = {isa = PBXBuildFile; fileRef = B9F831BB1F38BC43009F24AE /* macbook31-MCFG.aml */; };
		B9F8321D1F38BD20009F24AE /* macbook31-SBST.aml in Resources */ = {isa = PBXBuildFile; fileRef = B9F831B01F38BC43009F24AE /* macbook31-SBST.aml */; };
		B9F8321F1F38BD20009F24AE /* macbook31-SSDT1.aml in Resources */ = {isa = PBXBuildFile; fileRef = B9F831B31F38BC43009F24AE /* macbook31-SSDT1.aml */; };
		B9F832211F38BD20009F24AE /* macbook31-SSDT2.aml in Resources */ = {isa = PBXBuildFile; fileRef = B9F831BC1F38BC43009F24AE /* macbook31-SSDT2.aml */; };
		B9F832231F38BD20009F24AE /* macbook31-SSDT3.aml in Resources */ = {isa = PBXBuildFile; fileRef = B9F831CD1F38BC43009F24AE /* macbook31-SSDT3.aml */; };
		B9F832251F38BD20009F24AE /* macbook31-SSDT4.aml in Resources */ = {isa = PBXBuildFile; fileRef = B9F831C21F38BC43009F24AE /* macbook31-SSDT4.aml */; };
		B9F832271F38BD20009F24AE /* macbook31-SSDT5.aml in Resources */ = {isa = PBXBuildFile; fileRef = B9F831AC1F38BC43009F24AE /* macbook31-SSDT5.aml */; };
		B9F832291F38BD20009F24AE /* macbook31-SSDT6.aml in Resources */ = {isa = PBXBuildFile; fileRef = B9F831AA1F38BC43009F24AE /* macbook31-SSDT6.aml */; };
		B9F8322B1F38BD20009F24AE /* macbook31-SSDT7.aml in Resources */ = {isa = PBXBuildFile; fileRef = B9F831C61F38BC43009F24AE /* macbook31-SSDT7.aml */; };
		B9F8322D1F38BD20009F24AE /* macbook31-SSDT8.aml in Resources */ = {isa = PBXBuildFile; fileRef = B9F831B81F38BC43009F24AE /* macbook31-SSDT8.aml */; };
		B9F8322F1F38BD20009F24AE /* QEMU-DSDT.aml in Resources */ = {isa = PBXBuildFile; fileRef = B9F831F31F38BC4B009F24AE /* QEMU-DSDT.aml */; };
/* End PBXBuildFile section */

/* Begin PBXCopyFilesBuildPhase section */
		B95867E522E5D082005FA3BF /* CopyFiles */ = {
			isa = PBXCopyFilesBuildPhase;
			buildActionMask = 2147483647;
			dstPath = /usr/share/man/man1/;
			dstSubfolderSpec = 0;
			files = (
			);
			runOnlyForDeploymentPostprocessing = 1;
		};
/* End PBXCopyFilesBuildPhase section */

/* Begin PBXFileReference section */
		B91684FE22F47FEC00F7FA13 /* TestUtils.swift */ = {isa = PBXFileReference; lastKnownFileType = sourcecode.swift; path = TestUtils.swift; sourceTree = "<group>"; };
		B916850222F4DB1200F7FA13 /* AddressTests.swift */ = {isa = PBXFileReference; fileEncoding = 4; lastKnownFileType = sourcecode.swift; path = AddressTests.swift; sourceTree = "<group>"; };
		B93092BE1F31B06900870D1F /* StringTests.swift */ = {isa = PBXFileReference; lastKnownFileType = sourcecode.swift; path = StringTests.swift; sourceTree = "<group>"; };
		B933A6DD1F2F492F00FE6846 /* waet.swift */ = {isa = PBXFileReference; fileEncoding = 4; lastKnownFileType = sourcecode.swift; path = waet.swift; sourceTree = "<group>"; };
		B933A6DE1F2F492F00FE6846 /* facp.swift */ = {isa = PBXFileReference; fileEncoding = 4; lastKnownFileType = sourcecode.swift; path = facp.swift; sourceTree = "<group>"; };
		B933A6E01F2F492F00FE6846 /* hpet.swift */ = {isa = PBXFileReference; fileEncoding = 4; lastKnownFileType = sourcecode.swift; path = hpet.swift; sourceTree = "<group>"; };
		B933A6E11F2F492F00FE6846 /* amlmethod.swift */ = {isa = PBXFileReference; fileEncoding = 4; lastKnownFileType = sourcecode.swift; path = amlmethod.swift; sourceTree = "<group>"; };
		B933A6E21F2F492F00FE6846 /* facs.swift */ = {isa = PBXFileReference; fileEncoding = 4; lastKnownFileType = sourcecode.swift; path = facs.swift; sourceTree = "<group>"; };
		B933A6E31F2F492F00FE6846 /* ecdt.swift */ = {isa = PBXFileReference; fileEncoding = 4; lastKnownFileType = sourcecode.swift; path = ecdt.swift; sourceTree = "<group>"; };
		B933A6E41F2F492F00FE6846 /* boot.swift */ = {isa = PBXFileReference; fileEncoding = 4; lastKnownFileType = sourcecode.swift; path = boot.swift; sourceTree = "<group>"; };
		B933A6E51F2F492F00FE6846 /* amlparser.swift */ = {isa = PBXFileReference; fileEncoding = 4; lastKnownFileType = sourcecode.swift; path = amlparser.swift; sourceTree = "<group>"; };
		B933A6E61F2F492F00FE6846 /* acpi.swift */ = {isa = PBXFileReference; fileEncoding = 4; lastKnownFileType = sourcecode.swift; path = acpi.swift; sourceTree = "<group>"; };
		B933A6E71F2F492F00FE6846 /* mcfg.swift */ = {isa = PBXFileReference; fileEncoding = 4; lastKnownFileType = sourcecode.swift; path = mcfg.swift; sourceTree = "<group>"; };
		B933A6E81F2F492F00FE6846 /* acpiglobalobjects.swift */ = {isa = PBXFileReference; fileEncoding = 4; lastKnownFileType = sourcecode.swift; path = acpiglobalobjects.swift; sourceTree = "<group>"; };
		B933A6E91F2F492F00FE6846 /* srat.swift */ = {isa = PBXFileReference; fileEncoding = 4; lastKnownFileType = sourcecode.swift; path = srat.swift; sourceTree = "<group>"; };
		B933A6EA1F2F492F00FE6846 /* madt.swift */ = {isa = PBXFileReference; fileEncoding = 4; lastKnownFileType = sourcecode.swift; path = madt.swift; sourceTree = "<group>"; };
		B933A6EB1F2F492F00FE6846 /* amlutils.swift */ = {isa = PBXFileReference; fileEncoding = 4; lastKnownFileType = sourcecode.swift; path = amlutils.swift; sourceTree = "<group>"; };
		B933A6EC1F2F492F00FE6846 /* amltypes.swift */ = {isa = PBXFileReference; fileEncoding = 4; lastKnownFileType = sourcecode.swift; path = amltypes.swift; sourceTree = "<group>"; };
		B933A6ED1F2F492F00FE6846 /* sbst.swift */ = {isa = PBXFileReference; fileEncoding = 4; lastKnownFileType = sourcecode.swift; path = sbst.swift; sourceTree = "<group>"; };
		B933A6EE1F2F492F00FE6846 /* TODO */ = {isa = PBXFileReference; fileEncoding = 4; lastKnownFileType = text; path = TODO; sourceTree = "<group>"; };
		B933A7001F2F493800FE6846 /* efiboot.swift */ = {isa = PBXFileReference; fileEncoding = 4; lastKnownFileType = sourcecode.swift; path = efiboot.swift; sourceTree = "<group>"; };
		B933A7011F2F493800FE6846 /* biosboot.swift */ = {isa = PBXFileReference; fileEncoding = 4; lastKnownFileType = sourcecode.swift; path = biosboot.swift; sourceTree = "<group>"; };
		B933A7021F2F493800FE6846 /* bss.c */ = {isa = PBXFileReference; fileEncoding = 4; lastKnownFileType = sourcecode.c.c; path = bss.c; sourceTree = "<group>"; };
		B933A7031F2F493800FE6846 /* Makefile */ = {isa = PBXFileReference; fileEncoding = 4; lastKnownFileType = sourcecode.make; path = Makefile; sourceTree = "<group>"; };
		B933A7041F2F493800FE6846 /* GDT.swift */ = {isa = PBXFileReference; fileEncoding = 4; lastKnownFileType = sourcecode.swift; path = GDT.swift; sourceTree = "<group>"; };
		B933A7051F2F493800FE6846 /* smbios.swift */ = {isa = PBXFileReference; fileEncoding = 4; lastKnownFileType = sourcecode.swift; path = smbios.swift; sourceTree = "<group>"; };
		B933A7061F2F493800FE6846 /* main.asm */ = {isa = PBXFileReference; lastKnownFileType = sourcecode.asm.asm; path = main.asm; sourceTree = "<group>"; };
		B933A7071F2F493800FE6846 /* bootparams.swift */ = {isa = PBXFileReference; fileEncoding = 4; lastKnownFileType = sourcecode.swift; path = bootparams.swift; sourceTree = "<group>"; };
		B933A7081F2F493800FE6846 /* startup.swift */ = {isa = PBXFileReference; fileEncoding = 4; lastKnownFileType = sourcecode.swift; path = startup.swift; sourceTree = "<group>"; };
		B933A7121F2F497800FE6846 /* Makefile */ = {isa = PBXFileReference; fileEncoding = 4; lastKnownFileType = sourcecode.make; path = Makefile; sourceTree = "<group>"; };
		B933A7131F2F497800FE6846 /* kbd8042.swift */ = {isa = PBXFileReference; fileEncoding = 4; lastKnownFileType = sourcecode.swift; path = kbd8042.swift; sourceTree = "<group>"; };
		B933A7141F2F497800FE6846 /* cpu.swift */ = {isa = PBXFileReference; fileEncoding = 4; lastKnownFileType = sourcecode.swift; path = cpu.swift; sourceTree = "<group>"; };
		B933A7151F2F497800FE6846 /* pic8259.swift */ = {isa = PBXFileReference; fileEncoding = 4; lastKnownFileType = sourcecode.swift; path = pic8259.swift; sourceTree = "<group>"; };
		B933A7161F2F497800FE6846 /* ps2keyboard.swift */ = {isa = PBXFileReference; fileEncoding = 4; lastKnownFileType = sourcecode.swift; path = ps2keyboard.swift; sourceTree = "<group>"; };
		B933A7171F2F497800FE6846 /* pit8254.swift */ = {isa = PBXFileReference; fileEncoding = 4; lastKnownFileType = sourcecode.swift; path = pit8254.swift; sourceTree = "<group>"; };
		B933A7181F2F497800FE6846 /* apic.swift */ = {isa = PBXFileReference; fileEncoding = 4; lastKnownFileType = sourcecode.swift; path = apic.swift; sourceTree = "<group>"; };
		B933A7191F2F497800FE6846 /* ioapic.swift */ = {isa = PBXFileReference; fileEncoding = 4; lastKnownFileType = sourcecode.swift; path = ioapic.swift; sourceTree = "<group>"; };
		B933A71A1F2F497800FE6846 /* tty.swift */ = {isa = PBXFileReference; fileEncoding = 4; lastKnownFileType = sourcecode.swift; path = tty.swift; sourceTree = "<group>"; };
		B933A7261F2F499000FE6846 /* interrupt.swift */ = {isa = PBXFileReference; fileEncoding = 4; lastKnownFileType = sourcecode.swift; path = interrupt.swift; sourceTree = "<group>"; };
		B933A7271F2F499000FE6846 /* entry.asm */ = {isa = PBXFileReference; lastKnownFileType = sourcecode.asm.asm; path = entry.asm; sourceTree = "<group>"; };
		B933A7281F2F499000FE6846 /* exceptions.swift */ = {isa = PBXFileReference; fileEncoding = 4; lastKnownFileType = sourcecode.swift; path = exceptions.swift; sourceTree = "<group>"; };
		B933A7291F2F499000FE6846 /* IDT.swift */ = {isa = PBXFileReference; fileEncoding = 4; lastKnownFileType = sourcecode.swift; path = IDT.swift; sourceTree = "<group>"; };
		B933A72A1F2F499000FE6846 /* Makefile */ = {isa = PBXFileReference; fileEncoding = 4; lastKnownFileType = sourcecode.make; path = Makefile; sourceTree = "<group>"; };
		B933A7301F2F49C700FE6846 /* CircularBuffer.swift */ = {isa = PBXFileReference; fileEncoding = 4; lastKnownFileType = sourcecode.swift; path = CircularBuffer.swift; sourceTree = "<group>"; };
		B933A7311F2F49C700FE6846 /* Extensions.swift */ = {isa = PBXFileReference; fileEncoding = 4; lastKnownFileType = sourcecode.swift; path = Extensions.swift; sourceTree = "<group>"; };
		B933A7321F2F49C700FE6846 /* MemoryBufferReader.swift */ = {isa = PBXFileReference; fileEncoding = 4; lastKnownFileType = sourcecode.swift; path = MemoryBufferReader.swift; sourceTree = "<group>"; };
		B933A7331F2F49C700FE6846 /* printf.swift */ = {isa = PBXFileReference; fileEncoding = 4; lastKnownFileType = sourcecode.swift; path = printf.swift; sourceTree = "<group>"; };
		B933A7341F2F49C700FE6846 /* Makefile */ = {isa = PBXFileReference; fileEncoding = 4; lastKnownFileType = sourcecode.make; path = Makefile; sourceTree = "<group>"; };
		B933A73C1F2F4A0600FE6846 /* bytearray.swift */ = {isa = PBXFileReference; fileEncoding = 4; lastKnownFileType = sourcecode.swift; path = bytearray.swift; sourceTree = "<group>"; };
		B933A73D1F2F4A0600FE6846 /* dwordarray.swift */ = {isa = PBXFileReference; fileEncoding = 4; lastKnownFileType = sourcecode.swift; path = dwordarray.swift; sourceTree = "<group>"; };
		B933A73E1F2F4A0600FE6846 /* integer.swift */ = {isa = PBXFileReference; fileEncoding = 4; lastKnownFileType = sourcecode.swift; path = integer.swift; sourceTree = "<group>"; };
		B933A73F1F2F4A0600FE6846 /* bitarray.swift */ = {isa = PBXFileReference; fileEncoding = 4; lastKnownFileType = sourcecode.swift; path = bitarray.swift; sourceTree = "<group>"; };
		B933A7441F2F4A2E00FE6846 /* tasks.swift */ = {isa = PBXFileReference; fileEncoding = 4; lastKnownFileType = sourcecode.swift; path = tasks.swift; sourceTree = "<group>"; };
		B933A7461F2F4ABC00FE6846 /* init.swift */ = {isa = PBXFileReference; fileEncoding = 4; lastKnownFileType = sourcecode.swift; path = init.swift; sourceTree = "<group>"; };
		B933A7471F2F4ABC00FE6846 /* page.swift */ = {isa = PBXFileReference; fileEncoding = 4; lastKnownFileType = sourcecode.swift; path = page.swift; sourceTree = "<group>"; };
		B933A7481F2F4ABC00FE6846 /* address.swift */ = {isa = PBXFileReference; fileEncoding = 4; lastKnownFileType = sourcecode.swift; path = address.swift; sourceTree = "<group>"; };
		B933A7491F2F4ABC00FE6846 /* Makefile */ = {isa = PBXFileReference; fileEncoding = 4; lastKnownFileType = sourcecode.make; path = Makefile; sourceTree = "<group>"; };
		B933A74A1F2F4ABC00FE6846 /* alloc.swift */ = {isa = PBXFileReference; fileEncoding = 4; lastKnownFileType = sourcecode.swift; path = alloc.swift; sourceTree = "<group>"; };
		B933A7501F2F511100FE6846 /* test.h */ = {isa = PBXFileReference; lastKnownFileType = sourcecode.c.h; path = test.h; sourceTree = "<group>"; };
		B933A7741F2F8D6A00FE6846 /* tests.xctest */ = {isa = PBXFileReference; explicitFileType = wrapper.cfbundle; includeInIndex = 0; path = tests.xctest; sourceTree = BUILT_PRODUCTS_DIR; };
		B933A7761F2F8D6A00FE6846 /* ACPITests.swift */ = {isa = PBXFileReference; lastKnownFileType = sourcecode.swift; path = ACPITests.swift; sourceTree = "<group>"; };
		B933A7781F2F8D6A00FE6846 /* Info.plist */ = {isa = PBXFileReference; lastKnownFileType = text.plist.xml; path = Info.plist; sourceTree = "<group>"; };
		B93620752326A4A0009A2215 /* Docker */ = {isa = PBXFileReference; lastKnownFileType = folder; path = Docker; sourceTree = "<group>"; };
		B95867E722E5D082005FA3BF /* kernel */ = {isa = PBXFileReference; explicitFileType = "compiled.mach-o.executable"; includeInIndex = 0; path = kernel; sourceTree = BUILT_PRODUCTS_DIR; };
		B95867F322E5D4BC005FA3BF /* vmx.swift */ = {isa = PBXFileReference; fileEncoding = 4; lastKnownFileType = sourcecode.swift; name = vmx.swift; path = vm/vmx.swift; sourceTree = "<group>"; };
		B95867F522E635EA005FA3BF /* vmcs.swift */ = {isa = PBXFileReference; fileEncoding = 4; lastKnownFileType = sourcecode.swift; name = vmcs.swift; path = vm/vmcs.swift; sourceTree = "<group>"; };
		B95867F622E635EA005FA3BF /* vmentry.asm */ = {isa = PBXFileReference; lastKnownFileType = sourcecode.asm.asm; name = vmentry.asm; path = vm/vmentry.asm; sourceTree = "<group>"; };
		B95867F722E635EA005FA3BF /* Makefile */ = {isa = PBXFileReference; fileEncoding = 4; lastKnownFileType = sourcecode.make; name = Makefile; path = vm/Makefile; sourceTree = "<group>"; };
		B962BDAA1FD30C0500D42D70 /* amlresourcedata.swift */ = {isa = PBXFileReference; lastKnownFileType = sourcecode.swift; path = amlresourcedata.swift; sourceTree = "<group>"; };
		B963DA0F22FC8A0600E7F8B3 /* run_qemu.sh */ = {isa = PBXFileReference; fileEncoding = 4; lastKnownFileType = text.script.sh; path = run_qemu.sh; sourceTree = "<group>"; };
		B963DA1022FC8A0600E7F8B3 /* gdb-cmds-bochs */ = {isa = PBXFileReference; fileEncoding = 4; lastKnownFileType = text; path = "gdb-cmds-bochs"; sourceTree = "<group>"; };
		B963DA1322FD85BC00E7F8B3 /* cmos.swift */ = {isa = PBXFileReference; fileEncoding = 4; lastKnownFileType = sourcecode.swift; path = cmos.swift; sourceTree = "<group>"; };
		B9793D4E200A571B0013E03B /* symbols.swift */ = {isa = PBXFileReference; lastKnownFileType = sourcecode.swift; path = symbols.swift; sourceTree = "<group>"; };
		B97A313F1FE55E2200E651DC /* piix.swift */ = {isa = PBXFileReference; lastKnownFileType = sourcecode.swift; path = piix.swift; sourceTree = "<group>"; };
		B97C3A8024D0D10F00E3602C /* shell.swift */ = {isa = PBXFileReference; lastKnownFileType = sourcecode.swift; path = shell.swift; sourceTree = "<group>"; };
		B9A2C1B01F30ECF9003D4D92 /* TODO */ = {isa = PBXFileReference; fileEncoding = 4; lastKnownFileType = text; path = TODO; sourceTree = "<group>"; };
		B9A2C1B11F30ECF9003D4D92 /* README.md */ = {isa = PBXFileReference; fileEncoding = 4; lastKnownFileType = net.daringfireball.markdown; path = README.md; sourceTree = "<group>"; };
		B9A2C1B31F30EEC7003D4D92 /* boot */ = {isa = PBXFileReference; lastKnownFileType = folder; path = boot; sourceTree = "<group>"; };
		B9A2C1B41F30EEDE003D4D92 /* doc */ = {isa = PBXFileReference; lastKnownFileType = folder; path = doc; sourceTree = "<group>"; };
		B9A2C1B51F30EEEA003D4D92 /* include */ = {isa = PBXFileReference; lastKnownFileType = folder; path = include; sourceTree = "<group>"; };
		B9A2C1B61F30EEF4003D4D92 /* klibc */ = {isa = PBXFileReference; lastKnownFileType = folder; path = klibc; sourceTree = "<group>"; };
		B9A2C1B81F30EF79003D4D92 /* utils */ = {isa = PBXFileReference; lastKnownFileType = folder; path = utils; sourceTree = "<group>"; };
		B9A2C1B91F30EF94003D4D92 /* linker.script */ = {isa = PBXFileReference; fileEncoding = 4; lastKnownFileType = text; path = linker.script; sourceTree = "<group>"; };
		B9A2C1BA1F30EF94003D4D92 /* Makefile */ = {isa = PBXFileReference; explicitFileType = sourcecode.make; fileEncoding = 4; path = Makefile; sourceTree = "<group>"; };
		B9A2C1BB1F30EF94003D4D92 /* Makedefs */ = {isa = PBXFileReference; explicitFileType = sourcecode.make; fileEncoding = 4; path = Makedefs; sourceTree = "<group>"; };
		B9A2FB9824CEBCB800B3DB75 /* pci */ = {isa = PBXFileReference; lastKnownFileType = folder; path = pci; sourceTree = "<group>"; };
		B9AF69D51FBDEB8B0049CB98 /* ACPIReadWriteTests.swift */ = {isa = PBXFileReference; lastKnownFileType = sourcecode.swift; path = ACPIReadWriteTests.swift; sourceTree = "<group>"; };
		B9C2AF261FD818D000E6EFEB /* isa.swift */ = {isa = PBXFileReference; lastKnownFileType = sourcecode.swift; path = isa.swift; sourceTree = "<group>"; };
		B9C2AF281FD81E5A00E6EFEB /* ReservationManager.swift */ = {isa = PBXFileReference; lastKnownFileType = sourcecode.swift; path = ReservationManager.swift; sourceTree = "<group>"; };
		B9C2AF2A1FD84CB300E6EFEB /* KlibTests.swift */ = {isa = PBXFileReference; lastKnownFileType = sourcecode.swift; path = KlibTests.swift; sourceTree = "<group>"; };
		B9C2AF2D1FD9FA0A00E6EFEB /* devicemanager.swift */ = {isa = PBXFileReference; lastKnownFileType = sourcecode.swift; path = devicemanager.swift; sourceTree = "<group>"; };
		B9C6DF0B22FF0629006BD245 /* qemufwcf.swift */ = {isa = PBXFileReference; lastKnownFileType = sourcecode.swift; path = qemufwcf.swift; sourceTree = "<group>"; };
		B9C6DF0D22FF08E0006BD245 /* Makefile */ = {isa = PBXFileReference; fileEncoding = 4; lastKnownFileType = sourcecode.make; path = Makefile; sourceTree = "<group>"; };
		B9DEE4F32323BA960010F7A0 /* lldb-cmds */ = {isa = PBXFileReference; fileEncoding = 4; lastKnownFileType = text; path = "lldb-cmds"; sourceTree = "<group>"; };
		B9DEE4F52323BBC30010F7A0 /* bochsrc */ = {isa = PBXFileReference; fileEncoding = 4; lastKnownFileType = text; path = bochsrc; sourceTree = "<group>"; };
		B9DEE4F62323BBC30010F7A0 /* gdb-cmds */ = {isa = PBXFileReference; fileEncoding = 4; lastKnownFileType = text; path = "gdb-cmds"; sourceTree = "<group>"; };
		B9EF911D1FC9CACA00D14A2F /* amltype1opcodes.swift */ = {isa = PBXFileReference; lastKnownFileType = sourcecode.swift; path = amltype1opcodes.swift; sourceTree = "<group>"; };
		B9EF91211FC9D14600D14A2F /* amltype2opcodes.swift */ = {isa = PBXFileReference; lastKnownFileType = sourcecode.swift; path = amltype2opcodes.swift; sourceTree = "<group>"; };
		B9EF91241FC9D6EA00D14A2F /* amlnamedobject.swift */ = {isa = PBXFileReference; lastKnownFileType = sourcecode.swift; path = amlnamedobject.swift; sourceTree = "<group>"; };
		B9F22F872325009300A6C92B /* NOTES */ = {isa = PBXFileReference; fileEncoding = 4; lastKnownFileType = text; path = NOTES; sourceTree = "<group>"; };
		B9F5D2BA24C1F58C00A6114C /* vmware11-wsmt.aml */ = {isa = PBXFileReference; lastKnownFileType = file; path = "vmware11-wsmt.aml"; sourceTree = "<group>"; };
		B9F5D2BB24C1F58C00A6114C /* vmware11-hpet.dsl */ = {isa = PBXFileReference; fileEncoding = 4; lastKnownFileType = text; path = "vmware11-hpet.dsl"; sourceTree = "<group>"; };
		B9F5D2BC24C1F58D00A6114C /* vmware11-mcfg.aml */ = {isa = PBXFileReference; lastKnownFileType = file; path = "vmware11-mcfg.aml"; sourceTree = "<group>"; };
		B9F5D2BD24C1F58D00A6114C /* vmware11-srat.dsl */ = {isa = PBXFileReference; fileEncoding = 4; lastKnownFileType = text; path = "vmware11-srat.dsl"; sourceTree = "<group>"; };
		B9F5D2BE24C1F58D00A6114C /* vmware11-hpet.aml */ = {isa = PBXFileReference; lastKnownFileType = file; path = "vmware11-hpet.aml"; sourceTree = "<group>"; };
		B9F5D2BF24C1F58D00A6114C /* vmware11-wsmt.dsl */ = {isa = PBXFileReference; fileEncoding = 4; lastKnownFileType = text; path = "vmware11-wsmt.dsl"; sourceTree = "<group>"; };
		B9F5D2C024C1F58D00A6114C /* vmware11-waet.aml */ = {isa = PBXFileReference; lastKnownFileType = file; path = "vmware11-waet.aml"; sourceTree = "<group>"; };
		B9F5D2C124C1F58D00A6114C /* vmware11-mcfg.dsl */ = {isa = PBXFileReference; fileEncoding = 4; lastKnownFileType = text; path = "vmware11-mcfg.dsl"; sourceTree = "<group>"; };
		B9F5D2C224C1F58D00A6114C /* vmware11-srat.aml */ = {isa = PBXFileReference; lastKnownFileType = file; path = "vmware11-srat.aml"; sourceTree = "<group>"; };
		B9F5D2C324C1F58D00A6114C /* vmware11-dmar.dsl */ = {isa = PBXFileReference; fileEncoding = 4; lastKnownFileType = text; path = "vmware11-dmar.dsl"; sourceTree = "<group>"; };
		B9F5D2C424C1F58D00A6114C /* vmware11-apic.aml */ = {isa = PBXFileReference; lastKnownFileType = file; path = "vmware11-apic.aml"; sourceTree = "<group>"; };
		B9F5D2C524C1F58D00A6114C /* vmware11-dmar.aml */ = {isa = PBXFileReference; lastKnownFileType = file; path = "vmware11-dmar.aml"; sourceTree = "<group>"; };
		B9F5D2C624C1F58D00A6114C /* vmware11-facs.aml */ = {isa = PBXFileReference; lastKnownFileType = file; path = "vmware11-facs.aml"; sourceTree = "<group>"; };
		B9F5D2C724C1F58D00A6114C /* vmware11-waet.dsl */ = {isa = PBXFileReference; fileEncoding = 4; lastKnownFileType = text; path = "vmware11-waet.dsl"; sourceTree = "<group>"; };
		B9F5D2C824C1F58D00A6114C /* vmware11-dsdt.aml */ = {isa = PBXFileReference; lastKnownFileType = file; path = "vmware11-dsdt.aml"; sourceTree = "<group>"; };
		B9F5D2C924C1F58D00A6114C /* vmware11-facp.dsl */ = {isa = PBXFileReference; fileEncoding = 4; lastKnownFileType = text; path = "vmware11-facp.dsl"; sourceTree = "<group>"; };
		B9F5D2CA24C1F58D00A6114C /* vmware11-apic.dsl */ = {isa = PBXFileReference; fileEncoding = 4; lastKnownFileType = text; path = "vmware11-apic.dsl"; sourceTree = "<group>"; };
		B9F5D2CB24C1F58D00A6114C /* vmware11-facp.aml */ = {isa = PBXFileReference; lastKnownFileType = file; path = "vmware11-facp.aml"; sourceTree = "<group>"; };
		B9F5D2CC24C1F58D00A6114C /* vmware11-facs.dsl */ = {isa = PBXFileReference; fileEncoding = 4; lastKnownFileType = text; path = "vmware11-facs.dsl"; sourceTree = "<group>"; };
		B9F5D2CD24C1F58D00A6114C /* vmware11-dsdt.dsl */ = {isa = PBXFileReference; fileEncoding = 4; lastKnownFileType = text; path = "vmware11-dsdt.dsl"; sourceTree = "<group>"; };
		B9F831801F38BBA9009F24AE /* DSDT.asl */ = {isa = PBXFileReference; fileEncoding = 4; lastKnownFileType = text; name = DSDT.asl; path = acpitest/test_files/DSDT.asl; sourceTree = SOURCE_ROOT; };
		B9F831821F38BC33009F24AE /* vmware-SRAT.dsl */ = {isa = PBXFileReference; fileEncoding = 4; lastKnownFileType = text; path = "vmware-SRAT.dsl"; sourceTree = "<group>"; };
		B9F831831F38BC33009F24AE /* vmware-HPET.aml */ = {isa = PBXFileReference; lastKnownFileType = file; path = "vmware-HPET.aml"; sourceTree = "<group>"; };
		B9F831841F38BC33009F24AE /* vmware-WAET.dsl */ = {isa = PBXFileReference; fileEncoding = 4; lastKnownFileType = text; path = "vmware-WAET.dsl"; sourceTree = "<group>"; };
		B9F831851F38BC33009F24AE /* vmware-DSDT.aml */ = {isa = PBXFileReference; lastKnownFileType = file; path = "vmware-DSDT.aml"; sourceTree = "<group>"; };
		B9F831861F38BC33009F24AE /* vmware-FACS2.aml */ = {isa = PBXFileReference; lastKnownFileType = file; path = "vmware-FACS2.aml"; sourceTree = "<group>"; };
		B9F831871F38BC34009F24AE /* vmware-DSDT.dsl */ = {isa = PBXFileReference; fileEncoding = 4; lastKnownFileType = text; path = "vmware-DSDT.dsl"; sourceTree = "<group>"; };
		B9F831881F38BC34009F24AE /* vmware-WAET.aml */ = {isa = PBXFileReference; lastKnownFileType = file; path = "vmware-WAET.aml"; sourceTree = "<group>"; };
		B9F831891F38BC34009F24AE /* vmware-SRAT.aml */ = {isa = PBXFileReference; lastKnownFileType = file; path = "vmware-SRAT.aml"; sourceTree = "<group>"; };
		B9F8318A1F38BC34009F24AE /* vmware-FACS2.dsl */ = {isa = PBXFileReference; fileEncoding = 4; lastKnownFileType = text; path = "vmware-FACS2.dsl"; sourceTree = "<group>"; };
		B9F8318B1F38BC34009F24AE /* vmware-MCFG.dsl */ = {isa = PBXFileReference; fileEncoding = 4; lastKnownFileType = text; path = "vmware-MCFG.dsl"; sourceTree = "<group>"; };
		B9F8318C1F38BC34009F24AE /* vmware-FACS1.dsl */ = {isa = PBXFileReference; fileEncoding = 4; lastKnownFileType = text; path = "vmware-FACS1.dsl"; sourceTree = "<group>"; };
		B9F8318D1F38BC34009F24AE /* vmware-FACS1.aml */ = {isa = PBXFileReference; lastKnownFileType = file; path = "vmware-FACS1.aml"; sourceTree = "<group>"; };
		B9F8318E1F38BC34009F24AE /* vmware-FACP.dsl */ = {isa = PBXFileReference; fileEncoding = 4; lastKnownFileType = text; path = "vmware-FACP.dsl"; sourceTree = "<group>"; };
		B9F8318F1F38BC34009F24AE /* vmware-FACP.aml */ = {isa = PBXFileReference; lastKnownFileType = file; path = "vmware-FACP.aml"; sourceTree = "<group>"; };
		B9F831901F38BC34009F24AE /* vmware-MCFG.aml */ = {isa = PBXFileReference; lastKnownFileType = file; path = "vmware-MCFG.aml"; sourceTree = "<group>"; };
		B9F831911F38BC34009F24AE /* vmware-BOOT.aml */ = {isa = PBXFileReference; lastKnownFileType = file; path = "vmware-BOOT.aml"; sourceTree = "<group>"; };
		B9F831921F38BC34009F24AE /* vmware-BOOT.dsl */ = {isa = PBXFileReference; fileEncoding = 4; lastKnownFileType = text; path = "vmware-BOOT.dsl"; sourceTree = "<group>"; };
		B9F831931F38BC34009F24AE /* vmware-HPET.dsl */ = {isa = PBXFileReference; fileEncoding = 4; lastKnownFileType = text; path = "vmware-HPET.dsl"; sourceTree = "<group>"; };
		B9F831941F38BC34009F24AE /* vmware-APIC.dsl */ = {isa = PBXFileReference; fileEncoding = 4; lastKnownFileType = text; path = "vmware-APIC.dsl"; sourceTree = "<group>"; };
		B9F831951F38BC34009F24AE /* vmware-APIC.aml */ = {isa = PBXFileReference; lastKnownFileType = file; path = "vmware-APIC.aml"; sourceTree = "<group>"; };
		B9F831AA1F38BC43009F24AE /* macbook31-SSDT6.aml */ = {isa = PBXFileReference; lastKnownFileType = file; path = "macbook31-SSDT6.aml"; sourceTree = "<group>"; };
		B9F831AB1F38BC43009F24AE /* macbook31-APIC.dsl */ = {isa = PBXFileReference; fileEncoding = 4; lastKnownFileType = text; path = "macbook31-APIC.dsl"; sourceTree = "<group>"; };
		B9F831AC1F38BC43009F24AE /* macbook31-SSDT5.aml */ = {isa = PBXFileReference; lastKnownFileType = file; path = "macbook31-SSDT5.aml"; sourceTree = "<group>"; };
		B9F831AD1F38BC43009F24AE /* macbook31-SSDT8.dsl */ = {isa = PBXFileReference; fileEncoding = 4; lastKnownFileType = text; path = "macbook31-SSDT8.dsl"; sourceTree = "<group>"; };
		B9F831AE1F38BC43009F24AE /* macbook31-FACS2.dsl */ = {isa = PBXFileReference; fileEncoding = 4; lastKnownFileType = text; path = "macbook31-FACS2.dsl"; sourceTree = "<group>"; };
		B9F831AF1F38BC43009F24AE /* macbook31-ECDT.aml */ = {isa = PBXFileReference; lastKnownFileType = file; path = "macbook31-ECDT.aml"; sourceTree = "<group>"; };
		B9F831B01F38BC43009F24AE /* macbook31-SBST.aml */ = {isa = PBXFileReference; lastKnownFileType = file; path = "macbook31-SBST.aml"; sourceTree = "<group>"; };
		B9F831B11F38BC43009F24AE /* macbook31-FACS1.aml */ = {isa = PBXFileReference; lastKnownFileType = file; path = "macbook31-FACS1.aml"; sourceTree = "<group>"; };
		B9F831B21F38BC43009F24AE /* macbook31-FACP.aml */ = {isa = PBXFileReference; lastKnownFileType = file; path = "macbook31-FACP.aml"; sourceTree = "<group>"; };
		B9F831B31F38BC43009F24AE /* macbook31-SSDT1.aml */ = {isa = PBXFileReference; lastKnownFileType = file; path = "macbook31-SSDT1.aml"; sourceTree = "<group>"; };
		B9F831B41F38BC43009F24AE /* macbook31-FACS1.dsl */ = {isa = PBXFileReference; fileEncoding = 4; lastKnownFileType = text; path = "macbook31-FACS1.dsl"; sourceTree = "<group>"; };
		B9F831B51F38BC43009F24AE /* macbook31-HPET.aml */ = {isa = PBXFileReference; lastKnownFileType = file; path = "macbook31-HPET.aml"; sourceTree = "<group>"; };
		B9F831B61F38BC43009F24AE /* macbook31-SSDT3.dsl */ = {isa = PBXFileReference; fileEncoding = 4; lastKnownFileType = text; path = "macbook31-SSDT3.dsl"; sourceTree = "<group>"; };
		B9F831B71F38BC43009F24AE /* macbook31-SSDT5.dsl */ = {isa = PBXFileReference; fileEncoding = 4; lastKnownFileType = text; path = "macbook31-SSDT5.dsl"; sourceTree = "<group>"; };
		B9F831B81F38BC43009F24AE /* macbook31-SSDT8.aml */ = {isa = PBXFileReference; lastKnownFileType = file; path = "macbook31-SSDT8.aml"; sourceTree = "<group>"; };
		B9F831B91F38BC43009F24AE /* macbook31-SSDT4.dsl */ = {isa = PBXFileReference; fileEncoding = 4; lastKnownFileType = text; path = "macbook31-SSDT4.dsl"; sourceTree = "<group>"; };
		B9F831BA1F38BC43009F24AE /* macbook31-SSDT6.dsl */ = {isa = PBXFileReference; fileEncoding = 4; lastKnownFileType = text; path = "macbook31-SSDT6.dsl"; sourceTree = "<group>"; };
		B9F831BB1F38BC43009F24AE /* macbook31-MCFG.aml */ = {isa = PBXFileReference; lastKnownFileType = file; path = "macbook31-MCFG.aml"; sourceTree = "<group>"; };
		B9F831BC1F38BC43009F24AE /* macbook31-SSDT2.aml */ = {isa = PBXFileReference; lastKnownFileType = file; path = "macbook31-SSDT2.aml"; sourceTree = "<group>"; };
		B9F831BD1F38BC43009F24AE /* macbook31-FACS2.aml */ = {isa = PBXFileReference; lastKnownFileType = file; path = "macbook31-FACS2.aml"; sourceTree = "<group>"; };
		B9F831BE1F38BC43009F24AE /* macbook31-SBST.dsl */ = {isa = PBXFileReference; fileEncoding = 4; lastKnownFileType = text; path = "macbook31-SBST.dsl"; sourceTree = "<group>"; };
		B9F831BF1F38BC43009F24AE /* macbook31-ASF!.dsl */ = {isa = PBXFileReference; fileEncoding = 4; lastKnownFileType = text; path = "macbook31-ASF!.dsl"; sourceTree = "<group>"; };
		B9F831C01F38BC43009F24AE /* macbook31-DSDT.aml */ = {isa = PBXFileReference; lastKnownFileType = file; path = "macbook31-DSDT.aml"; sourceTree = "<group>"; };
		B9F831C11F38BC43009F24AE /* macbook31-SSDT1.dsl */ = {isa = PBXFileReference; fileEncoding = 4; lastKnownFileType = text; path = "macbook31-SSDT1.dsl"; sourceTree = "<group>"; };
		B9F831C21F38BC43009F24AE /* macbook31-SSDT4.aml */ = {isa = PBXFileReference; lastKnownFileType = file; path = "macbook31-SSDT4.aml"; sourceTree = "<group>"; };
		B9F831C31F38BC43009F24AE /* macbook31-APIC.aml */ = {isa = PBXFileReference; lastKnownFileType = file; path = "macbook31-APIC.aml"; sourceTree = "<group>"; };
		B9F831C41F38BC43009F24AE /* macbook31-ECDT.dsl */ = {isa = PBXFileReference; fileEncoding = 4; lastKnownFileType = text; path = "macbook31-ECDT.dsl"; sourceTree = "<group>"; };
		B9F831C51F38BC43009F24AE /* macbook31-ASF!.aml */ = {isa = PBXFileReference; lastKnownFileType = file; path = "macbook31-ASF!.aml"; sourceTree = "<group>"; };
		B9F831C61F38BC43009F24AE /* macbook31-SSDT7.aml */ = {isa = PBXFileReference; lastKnownFileType = file; path = "macbook31-SSDT7.aml"; sourceTree = "<group>"; };
		B9F831C71F38BC43009F24AE /* macbook31-SSDT2.dsl */ = {isa = PBXFileReference; fileEncoding = 4; lastKnownFileType = text; path = "macbook31-SSDT2.dsl"; sourceTree = "<group>"; };
		B9F831C81F38BC43009F24AE /* macbook31-HPET.dsl */ = {isa = PBXFileReference; fileEncoding = 4; lastKnownFileType = text; path = "macbook31-HPET.dsl"; sourceTree = "<group>"; };
		B9F831C91F38BC43009F24AE /* macbook31-DSDT.dsl */ = {isa = PBXFileReference; fileEncoding = 4; lastKnownFileType = text; path = "macbook31-DSDT.dsl"; sourceTree = "<group>"; };
		B9F831CA1F38BC43009F24AE /* macbook31-MCFG.dsl */ = {isa = PBXFileReference; fileEncoding = 4; lastKnownFileType = text; path = "macbook31-MCFG.dsl"; sourceTree = "<group>"; };
		B9F831CB1F38BC43009F24AE /* macbook31-SSDT7.dsl */ = {isa = PBXFileReference; fileEncoding = 4; lastKnownFileType = text; path = "macbook31-SSDT7.dsl"; sourceTree = "<group>"; };
		B9F831CC1F38BC43009F24AE /* macbook31-FACP.dsl */ = {isa = PBXFileReference; fileEncoding = 4; lastKnownFileType = text; path = "macbook31-FACP.dsl"; sourceTree = "<group>"; };
		B9F831CD1F38BC43009F24AE /* macbook31-SSDT3.aml */ = {isa = PBXFileReference; lastKnownFileType = file; path = "macbook31-SSDT3.aml"; sourceTree = "<group>"; };
		B9F831F21F38BC4B009F24AE /* QEMU-DSDT.dsl */ = {isa = PBXFileReference; fileEncoding = 4; lastKnownFileType = text; path = "QEMU-DSDT.dsl"; sourceTree = "<group>"; };
		B9F831F31F38BC4B009F24AE /* QEMU-DSDT.aml */ = {isa = PBXFileReference; lastKnownFileType = file; path = "QEMU-DSDT.aml"; sourceTree = "<group>"; };
/* End PBXFileReference section */

/* Begin PBXFrameworksBuildPhase section */
		B933A7711F2F8D6A00FE6846 /* Frameworks */ = {
			isa = PBXFrameworksBuildPhase;
			buildActionMask = 2147483647;
			files = (
			);
			runOnlyForDeploymentPostprocessing = 0;
		};
		B95867E422E5D082005FA3BF /* Frameworks */ = {
			isa = PBXFrameworksBuildPhase;
			buildActionMask = 2147483647;
			files = (
			);
			runOnlyForDeploymentPostprocessing = 0;
		};
/* End PBXFrameworksBuildPhase section */

/* Begin PBXGroup section */
		B933A6B81F2F469900FE6846 /* kernel */ = {
			isa = PBXGroup;
			children = (
				B9C6DF0D22FF08E0006BD245 /* Makefile */,
				B95867F222E5D34F005FA3BF /* vm */,
				B933A6BA1F2F46C000FE6846 /* init */,
				B933A6BC1F2F46CB00FE6846 /* mm */,
				B933A6B91F2F46B900FE6846 /* devices */,
				B933A6BE1F2F46D600FE6846 /* traps */,
				B933A6BD1F2F46D000FE6846 /* tasks */,
				B933A6BB1F2F46C600FE6846 /* klib */,
			);
			path = kernel;
			sourceTree = "<group>";
		};
		B933A6B91F2F46B900FE6846 /* devices */ = {
			isa = PBXGroup;
			children = (
				B9A2FB9824CEBCB800B3DB75 /* pci */,
				B933A7121F2F497800FE6846 /* Makefile */,
				B9C2AF2D1FD9FA0A00E6EFEB /* devicemanager.swift */,
				B9C2AF261FD818D000E6EFEB /* isa.swift */,
				B97A313F1FE55E2200E651DC /* piix.swift */,
				B933A7181F2F497800FE6846 /* apic.swift */,
				B933A7141F2F497800FE6846 /* cpu.swift */,
				B933A7191F2F497800FE6846 /* ioapic.swift */,
				B933A7131F2F497800FE6846 /* kbd8042.swift */,
				B963DA1322FD85BC00E7F8B3 /* cmos.swift */,
				B933A7151F2F497800FE6846 /* pic8259.swift */,
				B933A7171F2F497800FE6846 /* pit8254.swift */,
				B933A7161F2F497800FE6846 /* ps2keyboard.swift */,
				B9C6DF0B22FF0629006BD245 /* qemufwcf.swift */,
				B933A71A1F2F497800FE6846 /* tty.swift */,
				B933A6DB1F2F491C00FE6846 /* acpi */,
			);
			path = devices;
			sourceTree = "<group>";
		};
		B933A6BA1F2F46C000FE6846 /* init */ = {
			isa = PBXGroup;
			children = (
				B933A7011F2F493800FE6846 /* biosboot.swift */,
				B933A7071F2F493800FE6846 /* bootparams.swift */,
				B933A7021F2F493800FE6846 /* bss.c */,
				B933A7001F2F493800FE6846 /* efiboot.swift */,
				B933A7041F2F493800FE6846 /* GDT.swift */,
				B933A7061F2F493800FE6846 /* main.asm */,
				B933A7031F2F493800FE6846 /* Makefile */,
				B933A7081F2F493800FE6846 /* startup.swift */,
				B933A7051F2F493800FE6846 /* smbios.swift */,
			);
			path = init;
			sourceTree = "<group>";
		};
		B933A6BB1F2F46C600FE6846 /* klib */ = {
			isa = PBXGroup;
			children = (
				B933A73B1F2F49F300FE6846 /* extensions */,
				B933A7301F2F49C700FE6846 /* CircularBuffer.swift */,
				B933A7311F2F49C700FE6846 /* Extensions.swift */,
				B933A7341F2F49C700FE6846 /* Makefile */,
				B933A7321F2F49C700FE6846 /* MemoryBufferReader.swift */,
				B933A7331F2F49C700FE6846 /* printf.swift */,
				B9C2AF281FD81E5A00E6EFEB /* ReservationManager.swift */,
			);
			path = klib;
			sourceTree = "<group>";
		};
		B933A6BC1F2F46CB00FE6846 /* mm */ = {
			isa = PBXGroup;
			children = (
				B933A7481F2F4ABC00FE6846 /* address.swift */,
				B933A74A1F2F4ABC00FE6846 /* alloc.swift */,
				B933A7461F2F4ABC00FE6846 /* init.swift */,
				B933A7491F2F4ABC00FE6846 /* Makefile */,
				B933A7471F2F4ABC00FE6846 /* page.swift */,
				B9793D4E200A571B0013E03B /* symbols.swift */,
			);
			path = mm;
			sourceTree = "<group>";
		};
		B933A6BD1F2F46D000FE6846 /* tasks */ = {
			isa = PBXGroup;
			children = (
				B933A7441F2F4A2E00FE6846 /* tasks.swift */,
				B97C3A8024D0D10F00E3602C /* shell.swift */,
			);
			path = tasks;
			sourceTree = "<group>";
		};
		B933A6BE1F2F46D600FE6846 /* traps */ = {
			isa = PBXGroup;
			children = (
				B933A7271F2F499000FE6846 /* entry.asm */,
				B933A7281F2F499000FE6846 /* exceptions.swift */,
				B933A7291F2F499000FE6846 /* IDT.swift */,
				B933A7261F2F499000FE6846 /* interrupt.swift */,
				B933A72A1F2F499000FE6846 /* Makefile */,
			);
			path = traps;
			sourceTree = "<group>";
		};
		B933A6DB1F2F491C00FE6846 /* acpi */ = {
			isa = PBXGroup;
			children = (
				B933A6EE1F2F492F00FE6846 /* TODO */,
				B933A6E61F2F492F00FE6846 /* acpi.swift */,
				B933A6E41F2F492F00FE6846 /* boot.swift */,
				B933A6E31F2F492F00FE6846 /* ecdt.swift */,
				B933A6DE1F2F492F00FE6846 /* facp.swift */,
				B933A6E21F2F492F00FE6846 /* facs.swift */,
				B933A6E01F2F492F00FE6846 /* hpet.swift */,
				B933A6EA1F2F492F00FE6846 /* madt.swift */,
				B933A6E71F2F492F00FE6846 /* mcfg.swift */,
				B933A6ED1F2F492F00FE6846 /* sbst.swift */,
				B933A6E91F2F492F00FE6846 /* srat.swift */,
				B933A6DD1F2F492F00FE6846 /* waet.swift */,
				B933A6E81F2F492F00FE6846 /* acpiglobalobjects.swift */,
				B933A6E11F2F492F00FE6846 /* amlmethod.swift */,
				B933A6E51F2F492F00FE6846 /* amlparser.swift */,
				B933A6EC1F2F492F00FE6846 /* amltypes.swift */,
				B933A6EB1F2F492F00FE6846 /* amlutils.swift */,
				B9EF911D1FC9CACA00D14A2F /* amltype1opcodes.swift */,
				B9EF91211FC9D14600D14A2F /* amltype2opcodes.swift */,
				B9EF91241FC9D6EA00D14A2F /* amlnamedobject.swift */,
				B962BDAA1FD30C0500D42D70 /* amlresourcedata.swift */,
			);
			path = acpi;
			sourceTree = "<group>";
		};
		B933A73B1F2F49F300FE6846 /* extensions */ = {
			isa = PBXGroup;
			children = (
				B933A73F1F2F4A0600FE6846 /* bitarray.swift */,
				B933A73C1F2F4A0600FE6846 /* bytearray.swift */,
				B933A73D1F2F4A0600FE6846 /* dwordarray.swift */,
				B933A73E1F2F4A0600FE6846 /* integer.swift */,
			);
			path = extensions;
			sourceTree = "<group>";
		};
		B95867F222E5D34F005FA3BF /* vm */ = {
			isa = PBXGroup;
			children = (
				B95867F722E635EA005FA3BF /* Makefile */,
				B95867F522E635EA005FA3BF /* vmcs.swift */,
				B95867F622E635EA005FA3BF /* vmentry.asm */,
				B95867F322E5D4BC005FA3BF /* vmx.swift */,
			);
			name = vm;
			sourceTree = "<group>";
		};
		B9EE70401D3D536B006B6AB7 = {
			isa = PBXGroup;
			children = (
				B9F22F872325009300A6C92B /* NOTES */,
				B9A2C1B11F30ECF9003D4D92 /* README.md */,
				B9A2C1B01F30ECF9003D4D92 /* TODO */,
				B9A2C1BB1F30EF94003D4D92 /* Makedefs */,
				B9A2C1BA1F30EF94003D4D92 /* Makefile */,
				B9A2C1B91F30EF94003D4D92 /* linker.script */,
				B963DA0F22FC8A0600E7F8B3 /* run_qemu.sh */,
				B9DEE4F62323BBC30010F7A0 /* gdb-cmds */,
				B9DEE4F32323BA960010F7A0 /* lldb-cmds */,
				B9DEE4F52323BBC30010F7A0 /* bochsrc */,
				B963DA1022FC8A0600E7F8B3 /* gdb-cmds-bochs */,
				B933A6B81F2F469900FE6846 /* kernel */,
				B9EE704B1D3D536B006B6AB7 /* acpitest */,
				B9A2C1B61F30EEF4003D4D92 /* klibc */,
				B9A2C1B51F30EEEA003D4D92 /* include */,
				B9A2C1B31F30EEC7003D4D92 /* boot */,
				B93620752326A4A0009A2215 /* Docker */,
				B9A2C1B41F30EEDE003D4D92 /* doc */,
				B9A2C1B81F30EF79003D4D92 /* utils */,
				B9EE704A1D3D536B006B6AB7 /* Products */,
			);
			sourceTree = "<group>";
		};
		B9EE704A1D3D536B006B6AB7 /* Products */ = {
			isa = PBXGroup;
			children = (
				B933A7741F2F8D6A00FE6846 /* tests.xctest */,
				B95867E722E5D082005FA3BF /* kernel */,
			);
			name = Products;
			sourceTree = "<group>";
		};
		B9EE704B1D3D536B006B6AB7 /* acpitest */ = {
			isa = PBXGroup;
			children = (
				B916850222F4DB1200F7FA13 /* AddressTests.swift */,
				B9C2AF2A1FD84CB300E6EFEB /* KlibTests.swift */,
				B9AF69D51FBDEB8B0049CB98 /* ACPIReadWriteTests.swift */,
				B93092BE1F31B06900870D1F /* StringTests.swift */,
				B933A7761F2F8D6A00FE6846 /* ACPITests.swift */,
				B91684FE22F47FEC00F7FA13 /* TestUtils.swift */,
				B9F8317C1F38B9C0009F24AE /* test_files */,
				B933A7781F2F8D6A00FE6846 /* Info.plist */,
				B933A7501F2F511100FE6846 /* test.h */,
			);
			path = acpitest;
			sourceTree = "<group>";
		};
		B9F5D29124C1F4EC00A6114C /* vmware11 */ = {
			isa = PBXGroup;
			children = (
				B9F5D2C424C1F58D00A6114C /* vmware11-apic.aml */,
				B9F5D2CA24C1F58D00A6114C /* vmware11-apic.dsl */,
				B9F5D2C524C1F58D00A6114C /* vmware11-dmar.aml */,
				B9F5D2C324C1F58D00A6114C /* vmware11-dmar.dsl */,
				B9F5D2C824C1F58D00A6114C /* vmware11-dsdt.aml */,
				B9F5D2CD24C1F58D00A6114C /* vmware11-dsdt.dsl */,
				B9F5D2CB24C1F58D00A6114C /* vmware11-facp.aml */,
				B9F5D2C924C1F58D00A6114C /* vmware11-facp.dsl */,
				B9F5D2C624C1F58D00A6114C /* vmware11-facs.aml */,
				B9F5D2CC24C1F58D00A6114C /* vmware11-facs.dsl */,
				B9F5D2BE24C1F58D00A6114C /* vmware11-hpet.aml */,
				B9F5D2BB24C1F58C00A6114C /* vmware11-hpet.dsl */,
				B9F5D2BC24C1F58D00A6114C /* vmware11-mcfg.aml */,
				B9F5D2C124C1F58D00A6114C /* vmware11-mcfg.dsl */,
				B9F5D2C224C1F58D00A6114C /* vmware11-srat.aml */,
				B9F5D2BD24C1F58D00A6114C /* vmware11-srat.dsl */,
				B9F5D2C024C1F58D00A6114C /* vmware11-waet.aml */,
				B9F5D2C724C1F58D00A6114C /* vmware11-waet.dsl */,
				B9F5D2BA24C1F58C00A6114C /* vmware11-wsmt.aml */,
				B9F5D2BF24C1F58D00A6114C /* vmware11-wsmt.dsl */,
			);
			path = vmware11;
			sourceTree = "<group>";
		};
		B9F8317C1F38B9C0009F24AE /* test_files */ = {
			isa = PBXGroup;
			children = (
				B9F5D29124C1F4EC00A6114C /* vmware11 */,
				B9F831801F38BBA9009F24AE /* DSDT.asl */,
				B9F8317F1F38BA01009F24AE /* vmware */,
				B9F8317E1F38B9F6009F24AE /* macbook31 */,
				B9F8317D1F38B9F0009F24AE /* qemu */,
			);
			path = test_files;
			sourceTree = "<group>";
		};
		B9F8317D1F38B9F0009F24AE /* qemu */ = {
			isa = PBXGroup;
			children = (
				B9F831F31F38BC4B009F24AE /* QEMU-DSDT.aml */,
				B9F831F21F38BC4B009F24AE /* QEMU-DSDT.dsl */,
			);
			path = qemu;
			sourceTree = "<group>";
		};
		B9F8317E1F38B9F6009F24AE /* macbook31 */ = {
			isa = PBXGroup;
			children = (
				B9F831C31F38BC43009F24AE /* macbook31-APIC.aml */,
				B9F831AB1F38BC43009F24AE /* macbook31-APIC.dsl */,
				B9F831C51F38BC43009F24AE /* macbook31-ASF!.aml */,
				B9F831BF1F38BC43009F24AE /* macbook31-ASF!.dsl */,
				B9F831C01F38BC43009F24AE /* macbook31-DSDT.aml */,
				B9F831C91F38BC43009F24AE /* macbook31-DSDT.dsl */,
				B9F831AF1F38BC43009F24AE /* macbook31-ECDT.aml */,
				B9F831C41F38BC43009F24AE /* macbook31-ECDT.dsl */,
				B9F831B21F38BC43009F24AE /* macbook31-FACP.aml */,
				B9F831CC1F38BC43009F24AE /* macbook31-FACP.dsl */,
				B9F831B11F38BC43009F24AE /* macbook31-FACS1.aml */,
				B9F831B41F38BC43009F24AE /* macbook31-FACS1.dsl */,
				B9F831BD1F38BC43009F24AE /* macbook31-FACS2.aml */,
				B9F831AE1F38BC43009F24AE /* macbook31-FACS2.dsl */,
				B9F831B51F38BC43009F24AE /* macbook31-HPET.aml */,
				B9F831C81F38BC43009F24AE /* macbook31-HPET.dsl */,
				B9F831BB1F38BC43009F24AE /* macbook31-MCFG.aml */,
				B9F831CA1F38BC43009F24AE /* macbook31-MCFG.dsl */,
				B9F831B01F38BC43009F24AE /* macbook31-SBST.aml */,
				B9F831BE1F38BC43009F24AE /* macbook31-SBST.dsl */,
				B9F831B31F38BC43009F24AE /* macbook31-SSDT1.aml */,
				B9F831C11F38BC43009F24AE /* macbook31-SSDT1.dsl */,
				B9F831BC1F38BC43009F24AE /* macbook31-SSDT2.aml */,
				B9F831C71F38BC43009F24AE /* macbook31-SSDT2.dsl */,
				B9F831CD1F38BC43009F24AE /* macbook31-SSDT3.aml */,
				B9F831B61F38BC43009F24AE /* macbook31-SSDT3.dsl */,
				B9F831C21F38BC43009F24AE /* macbook31-SSDT4.aml */,
				B9F831B91F38BC43009F24AE /* macbook31-SSDT4.dsl */,
				B9F831AC1F38BC43009F24AE /* macbook31-SSDT5.aml */,
				B9F831B71F38BC43009F24AE /* macbook31-SSDT5.dsl */,
				B9F831AA1F38BC43009F24AE /* macbook31-SSDT6.aml */,
				B9F831BA1F38BC43009F24AE /* macbook31-SSDT6.dsl */,
				B9F831C61F38BC43009F24AE /* macbook31-SSDT7.aml */,
				B9F831CB1F38BC43009F24AE /* macbook31-SSDT7.dsl */,
				B9F831B81F38BC43009F24AE /* macbook31-SSDT8.aml */,
				B9F831AD1F38BC43009F24AE /* macbook31-SSDT8.dsl */,
			);
			path = macbook31;
			sourceTree = "<group>";
		};
		B9F8317F1F38BA01009F24AE /* vmware */ = {
			isa = PBXGroup;
			children = (
				B9F831951F38BC34009F24AE /* vmware-APIC.aml */,
				B9F831941F38BC34009F24AE /* vmware-APIC.dsl */,
				B9F831911F38BC34009F24AE /* vmware-BOOT.aml */,
				B9F831921F38BC34009F24AE /* vmware-BOOT.dsl */,
				B9F831851F38BC33009F24AE /* vmware-DSDT.aml */,
				B9F831871F38BC34009F24AE /* vmware-DSDT.dsl */,
				B9F8318F1F38BC34009F24AE /* vmware-FACP.aml */,
				B9F8318E1F38BC34009F24AE /* vmware-FACP.dsl */,
				B9F8318D1F38BC34009F24AE /* vmware-FACS1.aml */,
				B9F8318C1F38BC34009F24AE /* vmware-FACS1.dsl */,
				B9F831861F38BC33009F24AE /* vmware-FACS2.aml */,
				B9F8318A1F38BC34009F24AE /* vmware-FACS2.dsl */,
				B9F831831F38BC33009F24AE /* vmware-HPET.aml */,
				B9F831931F38BC34009F24AE /* vmware-HPET.dsl */,
				B9F831901F38BC34009F24AE /* vmware-MCFG.aml */,
				B9F8318B1F38BC34009F24AE /* vmware-MCFG.dsl */,
				B9F831891F38BC34009F24AE /* vmware-SRAT.aml */,
				B9F831821F38BC33009F24AE /* vmware-SRAT.dsl */,
				B9F831881F38BC34009F24AE /* vmware-WAET.aml */,
				B9F831841F38BC33009F24AE /* vmware-WAET.dsl */,
			);
			path = vmware;
			sourceTree = "<group>";
		};
/* End PBXGroup section */

/* Begin PBXNativeTarget section */
		B933A7731F2F8D6A00FE6846 /* tests */ = {
			isa = PBXNativeTarget;
			buildConfigurationList = B933A7791F2F8D6A00FE6846 /* Build configuration list for PBXNativeTarget "tests" */;
			buildPhases = (
				B933A7701F2F8D6A00FE6846 /* Sources */,
				B933A7711F2F8D6A00FE6846 /* Frameworks */,
				B933A7721F2F8D6A00FE6846 /* Resources */,
			);
			buildRules = (
			);
			dependencies = (
			);
			name = tests;
			productName = "acpi tests";
			productReference = B933A7741F2F8D6A00FE6846 /* tests.xctest */;
			productType = "com.apple.product-type.bundle.unit-test";
		};
		B95867E622E5D082005FA3BF /* kernel */ = {
			isa = PBXNativeTarget;
			buildConfigurationList = B95867EB22E5D082005FA3BF /* Build configuration list for PBXNativeTarget "kernel" */;
			buildPhases = (
				B95867EE22E5D094005FA3BF /* ShellScript */,
				B95867E422E5D082005FA3BF /* Frameworks */,
				B95867E522E5D082005FA3BF /* CopyFiles */,
			);
			buildRules = (
			);
			dependencies = (
			);
			name = kernel;
			productName = kernel;
			productReference = B95867E722E5D082005FA3BF /* kernel */;
			productType = "com.apple.product-type.tool";
		};
/* End PBXNativeTarget section */

/* Begin PBXProject section */
		B9EE70411D3D536B006B6AB7 /* Project object */ = {
			isa = PBXProject;
			attributes = {
				LastSwiftUpdateCheck = 1100;
				LastUpgradeCheck = 0900;
				ORGANIZATIONNAME = "Simon Evans";
				TargetAttributes = {
					B933A7731F2F8D6A00FE6846 = {
						CreatedOnToolsVersion = 9.0;
					};
					B95867E622E5D082005FA3BF = {
						CreatedOnToolsVersion = 11.0;
						DevelopmentTeam = U2L29966XS;
						LastSwiftMigration = 1100;
						ProvisioningStyle = Automatic;
					};
				};
			};
			buildConfigurationList = B9EE70441D3D536B006B6AB7 /* Build configuration list for PBXProject "project1" */;
			compatibilityVersion = "Xcode 3.2";
			developmentRegion = English;
			hasScannedForEncodings = 0;
			knownRegions = (
				English,
				en,
			);
			mainGroup = B9EE70401D3D536B006B6AB7;
			productRefGroup = B9EE704A1D3D536B006B6AB7 /* Products */;
			projectDirPath = "";
			projectRoot = "";
			targets = (
				B933A7731F2F8D6A00FE6846 /* tests */,
				B95867E622E5D082005FA3BF /* kernel */,
			);
		};
/* End PBXProject section */

/* Begin PBXResourcesBuildPhase section */
		B933A7721F2F8D6A00FE6846 /* Resources */ = {
			isa = PBXResourcesBuildPhase;
			buildActionMask = 2147483647;
			files = (
				B93620762326A4A0009A2215 /* Docker in Resources */,
				B9F5D2CE24C1F58D00A6114C /* vmware11-wsmt.aml in Resources */,
				B9F5D2DC24C1F58D00A6114C /* vmware11-dsdt.aml in Resources */,
				B9F831F71F38BD20009F24AE /* vmware-APIC.aml in Resources */,
				B9F831F91F38BD20009F24AE /* vmware-BOOT.aml in Resources */,
				B9F5D2DB24C1F58D00A6114C /* vmware11-waet.dsl in Resources */,
				B9F831FB1F38BD20009F24AE /* vmware-DSDT.aml in Resources */,
				B9F831FD1F38BD20009F24AE /* vmware-FACP.aml in Resources */,
				B9F831FF1F38BD20009F24AE /* vmware-FACS1.aml in Resources */,
				B9F832011F38BD20009F24AE /* vmware-FACS2.aml in Resources */,
				B9F832031F38BD20009F24AE /* vmware-HPET.aml in Resources */,
				B9F832051F38BD20009F24AE /* vmware-MCFG.aml in Resources */,
				B9F832071F38BD20009F24AE /* vmware-SRAT.aml in Resources */,
				B9DEE4FA2323BBC40010F7A0 /* gdb-cmds in Resources */,
				B9F5D2CF24C1F58D00A6114C /* vmware11-hpet.dsl in Resources */,
				B9F832091F38BD20009F24AE /* vmware-WAET.aml in Resources */,
				B9F8320B1F38BD20009F24AE /* macbook31-APIC.aml in Resources */,
				B9F8320D1F38BD20009F24AE /* macbook31-ASF!.aml in Resources */,
				B9F5D2D624C1F58D00A6114C /* vmware11-srat.aml in Resources */,
				B9F8320F1F38BD20009F24AE /* macbook31-DSDT.aml in Resources */,
				B9F5D2DF24C1F58D00A6114C /* vmware11-facp.aml in Resources */,
				B9F22F892325009300A6C92B /* NOTES in Resources */,
				B9DEE4F42323BA960010F7A0 /* lldb-cmds in Resources */,
				B9F832111F38BD20009F24AE /* macbook31-ECDT.aml in Resources */,
				B9F832131F38BD20009F24AE /* macbook31-FACP.aml in Resources */,
				B9F5D2E024C1F58D00A6114C /* vmware11-facs.dsl in Resources */,
				B9F832151F38BD20009F24AE /* macbook31-FACS1.aml in Resources */,
				B9F5D2DD24C1F58D00A6114C /* vmware11-facp.dsl in Resources */,
				B9F832171F38BD20009F24AE /* macbook31-FACS2.aml in Resources */,
				B9F832191F38BD20009F24AE /* macbook31-HPET.aml in Resources */,
				B9F8321B1F38BD20009F24AE /* macbook31-MCFG.aml in Resources */,
				B9F8321D1F38BD20009F24AE /* macbook31-SBST.aml in Resources */,
				B9F5D2D724C1F58D00A6114C /* vmware11-dmar.dsl in Resources */,
				B9DEE4F92323BBC40010F7A0 /* bochsrc in Resources */,
				B9F5D2D124C1F58D00A6114C /* vmware11-srat.dsl in Resources */,
				B9F5D2DE24C1F58D00A6114C /* vmware11-apic.dsl in Resources */,
				B9F8321F1F38BD20009F24AE /* macbook31-SSDT1.aml in Resources */,
				B9F5D2D424C1F58D00A6114C /* vmware11-waet.aml in Resources */,
				B9F5D2E124C1F58D00A6114C /* vmware11-dsdt.dsl in Resources */,
				B9F832211F38BD20009F24AE /* macbook31-SSDT2.aml in Resources */,
				B9F5D2D024C1F58D00A6114C /* vmware11-mcfg.aml in Resources */,
				B9F5D2D924C1F58D00A6114C /* vmware11-dmar.aml in Resources */,
				B9F832231F38BD20009F24AE /* macbook31-SSDT3.aml in Resources */,
				B9F832251F38BD20009F24AE /* macbook31-SSDT4.aml in Resources */,
				B9F5D2D524C1F58D00A6114C /* vmware11-mcfg.dsl in Resources */,
				B9F832271F38BD20009F24AE /* macbook31-SSDT5.aml in Resources */,
				B9F832291F38BD20009F24AE /* macbook31-SSDT6.aml in Resources */,
				B9F5D2D824C1F58D00A6114C /* vmware11-apic.aml in Resources */,
				B9F8322B1F38BD20009F24AE /* macbook31-SSDT7.aml in Resources */,
				B9F5D2D224C1F58D00A6114C /* vmware11-hpet.aml in Resources */,
				B9F8322D1F38BD20009F24AE /* macbook31-SSDT8.aml in Resources */,
				B9F5D2DA24C1F58D00A6114C /* vmware11-facs.aml in Resources */,
				B9F5D2D324C1F58D00A6114C /* vmware11-wsmt.dsl in Resources */,
				B9F8322F1F38BD20009F24AE /* QEMU-DSDT.aml in Resources */,
			);
			runOnlyForDeploymentPostprocessing = 0;
		};
/* End PBXResourcesBuildPhase section */

/* Begin PBXShellScriptBuildPhase section */
		B95867EE22E5D094005FA3BF /* ShellScript */ = {
			isa = PBXShellScriptBuildPhase;
			buildActionMask = 2147483647;
			files = (
			);
			inputFileListPaths = (
			);
			inputPaths = (
			);
			outputFileListPaths = (
			);
			outputPaths = (
			);
			runOnlyForDeploymentPostprocessing = 0;
			shellPath = /bin/sh;
			shellScript = "# Type a script or drag a script file from your workspace to insert its path.\ndocker run --rm -v $SRCROOT:$SRCROOT -w $SRCROOT -t -e TERM= swift-kstdlib make iso\n\n";
		};
/* End PBXShellScriptBuildPhase section */

/* Begin PBXSourcesBuildPhase section */
		B933A7701F2F8D6A00FE6846 /* Sources */ = {
			isa = PBXSourcesBuildPhase;
			buildActionMask = 2147483647;
			files = (
				B9C2AF2C1FD84D9000E6EFEB /* ReservationManager.swift in Sources */,
				B962BDAC1FD3116B00D42D70 /* amlresourcedata.swift in Sources */,
				B916850322F4DB1200F7FA13 /* AddressTests.swift in Sources */,
				B9EF91201FC9CEB800D14A2F /* amltype1opcodes.swift in Sources */,
				B933A7941F2F90C900FE6846 /* ACPITests.swift in Sources */,
				B933A77D1F2F8F1100FE6846 /* acpi.swift in Sources */,
				B933A77E1F2F8F1100FE6846 /* acpiglobalobjects.swift in Sources */,
				B933A77F1F2F8F1100FE6846 /* amlmethod.swift in Sources */,
				B933A7801F2F8F1100FE6846 /* amlparser.swift in Sources */,
				B933A7811F2F8F1100FE6846 /* amltypes.swift in Sources */,
				B93092BF1F31B06900870D1F /* StringTests.swift in Sources */,
				B9AF69D61FBDEB8B0049CB98 /* ACPIReadWriteTests.swift in Sources */,
				B933A7821F2F8F1100FE6846 /* amlutils.swift in Sources */,
				B933A7831F2F8F1100FE6846 /* boot.swift in Sources */,
				B933A7841F2F8F1100FE6846 /* ecdt.swift in Sources */,
				B933A7851F2F8F1100FE6846 /* facp.swift in Sources */,
				B9EF91261FC9D6EA00D14A2F /* amlnamedobject.swift in Sources */,
				B933A7861F2F8F1100FE6846 /* facs.swift in Sources */,
				B97C3A8124D0D10F00E3602C /* shell.swift in Sources */,
				B933A7871F2F8F1100FE6846 /* hpet.swift in Sources */,
				B9EF91231FC9D14600D14A2F /* amltype2opcodes.swift in Sources */,
				B933A7881F2F8F1100FE6846 /* madt.swift in Sources */,
				B933A7891F2F8F1100FE6846 /* mcfg.swift in Sources */,
				B91684FF22F47FEC00F7FA13 /* TestUtils.swift in Sources */,
				B933A78A1F2F8F1100FE6846 /* sbst.swift in Sources */,
				B933A78B1F2F8F1100FE6846 /* srat.swift in Sources */,
				B933A78C1F2F8F1100FE6846 /* waet.swift in Sources */,
				B933A7951F2FBA8700FE6846 /* Extensions.swift in Sources */,
				B933A7921F2F8F2100FE6846 /* MemoryBufferReader.swift in Sources */,
				B93092C01F31B0FF00870D1F /* printf.swift in Sources */,
				B9C2AF2B1FD84CB300E6EFEB /* KlibTests.swift in Sources */,
				B933A78D1F2F8F2100FE6846 /* bitarray.swift in Sources */,
				B933A78E1F2F8F2100FE6846 /* bytearray.swift in Sources */,
				B933A78F1F2F8F2100FE6846 /* dwordarray.swift in Sources */,
				B933A7901F2F8F2100FE6846 /* integer.swift in Sources */,
				B933A77C1F2F8F0700FE6846 /* address.swift in Sources */,
			);
			runOnlyForDeploymentPostprocessing = 0;
		};
/* End PBXSourcesBuildPhase section */

/* Begin XCBuildConfiguration section */
		B933A77A1F2F8D6A00FE6846 /* Debug */ = {
			isa = XCBuildConfiguration;
			buildSettings = {
				CLANG_ANALYZER_NUMBER_OBJECT_CONVERSION = YES_AGGRESSIVE;
				CLANG_CXX_LANGUAGE_STANDARD = "gnu++14";
				CLANG_ENABLE_MODULES = YES;
				CLANG_WARN_UNGUARDED_AVAILABILITY = YES_AGGRESSIVE;
				COMBINE_HIDPI_IMAGES = YES;
				GCC_C_LANGUAGE_STANDARD = gnu11;
				INFOPLIST_FILE = acpitest/Info.plist;
				LD_RUNPATH_SEARCH_PATHS = "$(inherited) @executable_path/../Frameworks @loader_path/../Frameworks";
				MACOSX_DEPLOYMENT_TARGET = 10.14;
				OTHER_SWIFT_FLAGS = "-DTEST";
				PRODUCT_BUNDLE_IDENTIFIER = "org.si.acpi-tests";
				PRODUCT_NAME = "$(TARGET_NAME)";
				SWIFT_ACTIVE_COMPILATION_CONDITIONS = DEBUG;
				SWIFT_OBJC_BRIDGING_HEADER = acpitest/test.h;
				SWIFT_VERSION = 5.0;
			};
			name = Debug;
		};
		B933A77B1F2F8D6A00FE6846 /* Release */ = {
			isa = XCBuildConfiguration;
			buildSettings = {
				CLANG_ANALYZER_NUMBER_OBJECT_CONVERSION = YES_AGGRESSIVE;
				CLANG_CXX_LANGUAGE_STANDARD = "gnu++14";
				CLANG_ENABLE_MODULES = YES;
				CLANG_WARN_UNGUARDED_AVAILABILITY = YES_AGGRESSIVE;
				COMBINE_HIDPI_IMAGES = YES;
				GCC_C_LANGUAGE_STANDARD = gnu11;
				INFOPLIST_FILE = acpitest/Info.plist;
				LD_RUNPATH_SEARCH_PATHS = "$(inherited) @executable_path/../Frameworks @loader_path/../Frameworks";
				MACOSX_DEPLOYMENT_TARGET = 10.14;
				OTHER_SWIFT_FLAGS = "-DTEST";
				PRODUCT_BUNDLE_IDENTIFIER = "org.si.acpi-tests";
				PRODUCT_NAME = "$(TARGET_NAME)";
				SWIFT_OBJC_BRIDGING_HEADER = acpitest/test.h;
				SWIFT_VERSION = 5.0;
			};
			name = Release;
		};
		B95867EC22E5D082005FA3BF /* Debug */ = {
			isa = XCBuildConfiguration;
			buildSettings = {
				CLANG_ANALYZER_NUMBER_OBJECT_CONVERSION = YES_AGGRESSIVE;
				CLANG_CXX_LANGUAGE_STANDARD = "gnu++14";
				CLANG_ENABLE_MODULES = YES;
				CLANG_ENABLE_OBJC_WEAK = YES;
				CLANG_WARN_DEPRECATED_OBJC_IMPLEMENTATIONS = YES;
				CLANG_WARN_OBJC_IMPLICIT_RETAIN_SELF = YES;
				CLANG_WARN_UNGUARDED_AVAILABILITY = YES_AGGRESSIVE;
				CODE_SIGN_STYLE = Automatic;
				DEVELOPMENT_TEAM = U2L29966XS;
				ENABLE_HARDENED_RUNTIME = YES;
				GCC_C_LANGUAGE_STANDARD = gnu11;
				LD_RUNPATH_SEARCH_PATHS = "$(inherited) @executable_path/../Frameworks @loader_path/../Frameworks";
				MACOSX_DEPLOYMENT_TARGET = 10.14;
				MTL_ENABLE_DEBUG_INFO = INCLUDE_SOURCE;
				MTL_FAST_MATH = YES;
				PRODUCT_NAME = "$(TARGET_NAME)";
				SWIFT_ACTIVE_COMPILATION_CONDITIONS = DEBUG;
				SWIFT_OPTIMIZATION_LEVEL = "-Onone";
				SWIFT_VERSION = 5.0;
			};
			name = Debug;
		};
		B95867ED22E5D082005FA3BF /* Release */ = {
			isa = XCBuildConfiguration;
			buildSettings = {
				CLANG_ANALYZER_NUMBER_OBJECT_CONVERSION = YES_AGGRESSIVE;
				CLANG_CXX_LANGUAGE_STANDARD = "gnu++14";
				CLANG_ENABLE_MODULES = YES;
				CLANG_ENABLE_OBJC_WEAK = YES;
				CLANG_WARN_DEPRECATED_OBJC_IMPLEMENTATIONS = YES;
				CLANG_WARN_OBJC_IMPLICIT_RETAIN_SELF = YES;
				CLANG_WARN_UNGUARDED_AVAILABILITY = YES_AGGRESSIVE;
				CODE_SIGN_STYLE = Automatic;
				DEVELOPMENT_TEAM = U2L29966XS;
				ENABLE_HARDENED_RUNTIME = YES;
				GCC_C_LANGUAGE_STANDARD = gnu11;
				LD_RUNPATH_SEARCH_PATHS = "$(inherited) @executable_path/../Frameworks @loader_path/../Frameworks";
				MACOSX_DEPLOYMENT_TARGET = 10.14;
				MTL_FAST_MATH = YES;
				PRODUCT_NAME = "$(TARGET_NAME)";
				SWIFT_VERSION = 5.0;
			};
			name = Release;
		};
		B9EE704E1D3D536B006B6AB7 /* Debug */ = {
			isa = XCBuildConfiguration;
			buildSettings = {
				ALWAYS_SEARCH_USER_PATHS = NO;
				CLANG_ANALYZER_NONNULL = YES;
				CLANG_CXX_LANGUAGE_STANDARD = "gnu++0x";
				CLANG_CXX_LIBRARY = "libc++";
				CLANG_ENABLE_MODULES = NO;
				CLANG_ENABLE_OBJC_ARC = YES;
				CLANG_WARN_BLOCK_CAPTURE_AUTORELEASING = YES;
				CLANG_WARN_BOOL_CONVERSION = YES;
				CLANG_WARN_COMMA = YES;
				CLANG_WARN_CONSTANT_CONVERSION = YES;
				CLANG_WARN_DIRECT_OBJC_ISA_USAGE = YES_ERROR;
				CLANG_WARN_DOCUMENTATION_COMMENTS = YES;
				CLANG_WARN_EMPTY_BODY = YES;
				CLANG_WARN_ENUM_CONVERSION = YES;
				CLANG_WARN_INFINITE_RECURSION = YES;
				CLANG_WARN_INT_CONVERSION = YES;
				CLANG_WARN_NON_LITERAL_NULL_CONVERSION = YES;
				CLANG_WARN_OBJC_LITERAL_CONVERSION = YES;
				CLANG_WARN_OBJC_ROOT_CLASS = YES_ERROR;
				CLANG_WARN_RANGE_LOOP_ANALYSIS = YES;
				CLANG_WARN_STRICT_PROTOTYPES = YES;
				CLANG_WARN_SUSPICIOUS_MOVE = YES;
				CLANG_WARN_UNREACHABLE_CODE = YES;
				CLANG_WARN__DUPLICATE_METHOD_MATCH = YES;
				CODE_SIGN_IDENTITY = "-";
				COPY_PHASE_STRIP = NO;
				DEBUG_INFORMATION_FORMAT = dwarf;
				ENABLE_STRICT_OBJC_MSGSEND = YES;
				ENABLE_TESTABILITY = YES;
				GCC_C_LANGUAGE_STANDARD = gnu99;
				GCC_DYNAMIC_NO_PIC = NO;
				GCC_NO_COMMON_BLOCKS = YES;
				GCC_OPTIMIZATION_LEVEL = 0;
				GCC_PREPROCESSOR_DEFINITIONS = (
					"DEBUG=1",
					"$(inherited)",
				);
				GCC_WARN_64_TO_32_BIT_CONVERSION = YES;
				GCC_WARN_ABOUT_RETURN_TYPE = YES_ERROR;
				GCC_WARN_UNDECLARED_SELECTOR = YES;
				GCC_WARN_UNINITIALIZED_AUTOS = YES_AGGRESSIVE;
				GCC_WARN_UNUSED_FUNCTION = YES;
				GCC_WARN_UNUSED_VARIABLE = YES;
				MACOSX_DEPLOYMENT_TARGET = 10.12;
				MTL_ENABLE_DEBUG_INFO = YES;
				ONLY_ACTIVE_ARCH = YES;
				SDKROOT = macosx;
				SWIFT_INSTALL_OBJC_HEADER = NO;
				SWIFT_OBJC_BRIDGING_HEADER = include/acpi.h;
				SWIFT_OPTIMIZATION_LEVEL = "-Onone";
				SWIFT_VERSION = "";
			};
			name = Debug;
		};
		B9EE704F1D3D536B006B6AB7 /* Release */ = {
			isa = XCBuildConfiguration;
			buildSettings = {
				ALWAYS_SEARCH_USER_PATHS = NO;
				CLANG_ANALYZER_NONNULL = YES;
				CLANG_CXX_LANGUAGE_STANDARD = "gnu++0x";
				CLANG_CXX_LIBRARY = "libc++";
				CLANG_ENABLE_MODULES = NO;
				CLANG_ENABLE_OBJC_ARC = YES;
				CLANG_WARN_BLOCK_CAPTURE_AUTORELEASING = YES;
				CLANG_WARN_BOOL_CONVERSION = YES;
				CLANG_WARN_COMMA = YES;
				CLANG_WARN_CONSTANT_CONVERSION = YES;
				CLANG_WARN_DIRECT_OBJC_ISA_USAGE = YES_ERROR;
				CLANG_WARN_DOCUMENTATION_COMMENTS = YES;
				CLANG_WARN_EMPTY_BODY = YES;
				CLANG_WARN_ENUM_CONVERSION = YES;
				CLANG_WARN_INFINITE_RECURSION = YES;
				CLANG_WARN_INT_CONVERSION = YES;
				CLANG_WARN_NON_LITERAL_NULL_CONVERSION = YES;
				CLANG_WARN_OBJC_LITERAL_CONVERSION = YES;
				CLANG_WARN_OBJC_ROOT_CLASS = YES_ERROR;
				CLANG_WARN_RANGE_LOOP_ANALYSIS = YES;
				CLANG_WARN_STRICT_PROTOTYPES = YES;
				CLANG_WARN_SUSPICIOUS_MOVE = YES;
				CLANG_WARN_UNREACHABLE_CODE = YES;
				CLANG_WARN__DUPLICATE_METHOD_MATCH = YES;
				CODE_SIGN_IDENTITY = "-";
				COPY_PHASE_STRIP = NO;
				DEBUG_INFORMATION_FORMAT = "dwarf-with-dsym";
				ENABLE_NS_ASSERTIONS = NO;
				ENABLE_STRICT_OBJC_MSGSEND = YES;
				GCC_C_LANGUAGE_STANDARD = gnu99;
				GCC_NO_COMMON_BLOCKS = YES;
				GCC_WARN_64_TO_32_BIT_CONVERSION = YES;
				GCC_WARN_ABOUT_RETURN_TYPE = YES_ERROR;
				GCC_WARN_UNDECLARED_SELECTOR = YES;
				GCC_WARN_UNINITIALIZED_AUTOS = YES_AGGRESSIVE;
				GCC_WARN_UNUSED_FUNCTION = YES;
				GCC_WARN_UNUSED_VARIABLE = YES;
				MACOSX_DEPLOYMENT_TARGET = 10.12;
				MTL_ENABLE_DEBUG_INFO = NO;
				SDKROOT = macosx;
				SWIFT_INSTALL_OBJC_HEADER = NO;
				SWIFT_OBJC_BRIDGING_HEADER = include/acpi.h;
				SWIFT_OPTIMIZATION_LEVEL = "-Owholemodule";
				SWIFT_VERSION = "";
			};
			name = Release;
		};
/* End XCBuildConfiguration section */

/* Begin XCConfigurationList section */
		B933A7791F2F8D6A00FE6846 /* Build configuration list for PBXNativeTarget "tests" */ = {
			isa = XCConfigurationList;
			buildConfigurations = (
				B933A77A1F2F8D6A00FE6846 /* Debug */,
				B933A77B1F2F8D6A00FE6846 /* Release */,
			);
			defaultConfigurationIsVisible = 0;
			defaultConfigurationName = Debug;
		};
		B95867EB22E5D082005FA3BF /* Build configuration list for PBXNativeTarget "kernel" */ = {
			isa = XCConfigurationList;
			buildConfigurations = (
				B95867EC22E5D082005FA3BF /* Debug */,
				B95867ED22E5D082005FA3BF /* Release */,
			);
			defaultConfigurationIsVisible = 0;
			defaultConfigurationName = Debug;
		};
		B9EE70441D3D536B006B6AB7 /* Build configuration list for PBXProject "project1" */ = {
			isa = XCConfigurationList;
			buildConfigurations = (
				B9EE704E1D3D536B006B6AB7 /* Debug */,
				B9EE704F1D3D536B006B6AB7 /* Release */,
			);
			defaultConfigurationIsVisible = 0;
			defaultConfigurationName = Debug;
		};
/* End XCConfigurationList section */
	};
	rootObject = B9EE70411D3D536B006B6AB7 /* Project object */;
}
